
Microsoft Visual Studio Solution File, Format Version 11.00
# Visual Studio 2010
Project("{8BC9CEB8-8B4A-11D0-8D11-00A0C91BC942}") = "VCMI_client", "client\VCMI_client.vcxproj", "{8355EBA8-65C2-44A4-BC2D-78053E1BF2D6}"
EndProject
Project("{8BC9CEB8-8B4A-11D0-8D11-00A0C91BC942}") = "VCMI_lib", "lib\VCMI_lib.vcxproj", "{B952FFC5-3039-4DE1-9F08-90ACDA483D8F}"
EndProject
Project("{8BC9CEB8-8B4A-11D0-8D11-00A0C91BC942}") = "VCMI_server", "server\VCMI_server.vcxproj", "{8AF697C3-465E-4910-B31B-576A9ECDB309}"
EndProject
Project("{8BC9CEB8-8B4A-11D0-8D11-00A0C91BC942}") = "StupidAI", "AI\StupidAI\StupidAI.vcxproj", "{15DABC90-234A-4B6B-9EEB-777C4768B82B}"
	ProjectSection(ProjectDependencies) = postProject
		{B952FFC5-3039-4DE1-9F08-90ACDA483D8F} = {B952FFC5-3039-4DE1-9F08-90ACDA483D8F}
	EndProjectSection
EndProject
Project("{8BC9CEB8-8B4A-11D0-8D11-00A0C91BC942}") = "ERM", "Scripting\ERM\ERM.vcxproj", "{8F202F43-106D-4F63-AD9D-B1D43E803E8C}"
	ProjectSection(ProjectDependencies) = postProject
		{B952FFC5-3039-4DE1-9F08-90ACDA483D8F} = {B952FFC5-3039-4DE1-9F08-90ACDA483D8F}
	EndProjectSection
EndProject
Project("{8BC9CEB8-8B4A-11D0-8D11-00A0C91BC942}") = "VCAI", "AI\VCAI\VCAI.vcxproj", "{276C3DB0-7A6B-4417-8E5C-322B08633AAC}"
	ProjectSection(ProjectDependencies) = postProject
		{D15B34EC-A32C-4968-9B0B-66998B579364} = {D15B34EC-A32C-4968-9B0B-66998B579364}
	EndProjectSection
EndProject
Project("{8BC9CEB8-8B4A-11D0-8D11-00A0C91BC942}") = "FuzzyLite", "AI\FuzzyLite\FuzzyLite.vcxproj", "{D15B34EC-A32C-4968-9B0B-66998B579364}"
EndProject
Project("{8BC9CEB8-8B4A-11D0-8D11-00A0C91BC942}") = "SDL", "3rdframework\sdl\VisualC\SDL\SDL_VS2010.vcxproj", "{81CE8DAF-EBB2-4761-8E45-B71ABCCA8C68}"
EndProject
Project("{8BC9CEB8-8B4A-11D0-8D11-00A0C91BC942}") = "SDLmain", "3rdframework\sdl\VisualC\SDLmain\SDLmain_VS2010.vcxproj", "{DA956FD3-E142-46F2-9DD5-C78BEBB56B7A}"
EndProject
Project("{8BC9CEB8-8B4A-11D0-8D11-00A0C91BC942}") = "SDL_image", "3rdframework\sdl_image\VisualC\SDL_image.vcxproj", "{2BD5534E-00E2-4BEA-AC96-D9A92EA24696}"
	ProjectSection(ProjectDependencies) = postProject
		{BAD4A058-C6AC-2C3A-D1CD-D120813C352B} = {BAD4A058-C6AC-2C3A-D1CD-D120813C352B}
		{F3D79999-0E19-0D24-99B6-CB1AC1555FE8} = {F3D79999-0E19-0D24-99B6-CB1AC1555FE8}
	EndProjectSection
EndProject
Project("{8BC9CEB8-8B4A-11D0-8D11-00A0C91BC942}") = "SDL_mixer", "3rdframework\sdl_mixer\VisualC\SDL_mixer.vcxproj", "{F7E944B3-0815-40CD-B3E4-90B2A15B0E33}"
EndProject
Project("{8BC9CEB8-8B4A-11D0-8D11-00A0C91BC942}") = "libpng", "3rdframework\png\projects\visualc71\libpng.vcxproj", "{BAD4A058-C6AC-2C3A-D1CD-D120813C352B}"
EndProject
Project("{8BC9CEB8-8B4A-11D0-8D11-00A0C91BC942}") = "zlib", "3rdframework\zlib\projects\visualc6\zlib.vcxproj", "{F3D79999-0E19-0D24-99B6-CB1AC1555FE8}"
EndProject
Project("{8BC9CEB8-8B4A-11D0-8D11-00A0C91BC942}") = "SDL_ttf", "3rdframework\sdl_ttf\VisualC\SDL_ttf.vcxproj", "{DDDBD07D-DC76-4AF6-8D02-3E2DEB6EE255}"
EndProject
Project("{8BC9CEB8-8B4A-11D0-8D11-00A0C91BC942}") = "freetype", "3rdframework\freetype\builds\win32\vc2010\freetype.vcxproj", "{78B079BD-9FC7-4B9E-B4A6-96DA0F00248B}"
EndProject
Global
	GlobalSection(SolutionConfigurationPlatforms) = preSolution
		Debug Multithreaded|Win32 = Debug Multithreaded|Win32
		Debug Multithreaded|x64 = Debug Multithreaded|x64
		Debug Singlethreaded|Win32 = Debug Singlethreaded|Win32
		Debug Singlethreaded|x64 = Debug Singlethreaded|x64
		Debug|Win32 = Debug|Win32
		Debug|x64 = Debug|x64
		DLL ASM Debug|Win32 = DLL ASM Debug|Win32
		DLL ASM Debug|x64 = DLL ASM Debug|x64
		DLL ASM Release|Win32 = DLL ASM Release|Win32
		DLL ASM Release|x64 = DLL ASM Release|x64
		DLL Debug|Win32 = DLL Debug|Win32
		DLL Debug|x64 = DLL Debug|x64
		DLL Release|Win32 = DLL Release|Win32
		DLL Release|x64 = DLL Release|x64
		DLL VB|Win32 = DLL VB|Win32
		DLL VB|x64 = DLL VB|x64
		LIB ASM Debug|Win32 = LIB ASM Debug|Win32
		LIB ASM Debug|x64 = LIB ASM Debug|x64
		LIB ASM Release|Win32 = LIB ASM Release|Win32
		LIB ASM Release|x64 = LIB ASM Release|x64
		LIB Debug|Win32 = LIB Debug|Win32
		LIB Debug|x64 = LIB Debug|x64
		LIB Release|Win32 = LIB Release|Win32
		LIB Release|x64 = LIB Release|x64
		RD|Win32 = RD|Win32
		RD|x64 = RD|x64
		Release Multithreaded|Win32 = Release Multithreaded|Win32
		Release Multithreaded|x64 = Release Multithreaded|x64
		Release Singlethreaded|Win32 = Release Singlethreaded|Win32
		Release Singlethreaded|x64 = Release Singlethreaded|x64
		Release|Win32 = Release|Win32
		Release|x64 = Release|x64
		Template|Win32 = Template|Win32
		Template|x64 = Template|x64
	EndGlobalSection
	GlobalSection(ProjectConfigurationPlatforms) = postSolution
		{8355EBA8-65C2-44A4-BC2D-78053E1BF2D6}.Debug Multithreaded|Win32.ActiveCfg = Debug|x64
		{8355EBA8-65C2-44A4-BC2D-78053E1BF2D6}.Debug Multithreaded|x64.ActiveCfg = Debug|x64
		{8355EBA8-65C2-44A4-BC2D-78053E1BF2D6}.Debug Multithreaded|x64.Build.0 = Debug|x64
		{8355EBA8-65C2-44A4-BC2D-78053E1BF2D6}.Debug Singlethreaded|Win32.ActiveCfg = Debug|x64
		{8355EBA8-65C2-44A4-BC2D-78053E1BF2D6}.Debug Singlethreaded|x64.ActiveCfg = Debug|x64
		{8355EBA8-65C2-44A4-BC2D-78053E1BF2D6}.Debug Singlethreaded|x64.Build.0 = Debug|x64
		{8355EBA8-65C2-44A4-BC2D-78053E1BF2D6}.Debug|Win32.ActiveCfg = Debug|Win32
		{8355EBA8-65C2-44A4-BC2D-78053E1BF2D6}.Debug|Win32.Build.0 = Debug|Win32
		{8355EBA8-65C2-44A4-BC2D-78053E1BF2D6}.Debug|x64.ActiveCfg = Debug|x64
		{8355EBA8-65C2-44A4-BC2D-78053E1BF2D6}.Debug|x64.Build.0 = Debug|x64
		{8355EBA8-65C2-44A4-BC2D-78053E1BF2D6}.DLL ASM Debug|Win32.ActiveCfg = Debug|Win32
		{8355EBA8-65C2-44A4-BC2D-78053E1BF2D6}.DLL ASM Debug|Win32.Build.0 = Debug|Win32
		{8355EBA8-65C2-44A4-BC2D-78053E1BF2D6}.DLL ASM Debug|x64.ActiveCfg = Debug|x64
		{8355EBA8-65C2-44A4-BC2D-78053E1BF2D6}.DLL ASM Debug|x64.Build.0 = Debug|x64
		{8355EBA8-65C2-44A4-BC2D-78053E1BF2D6}.DLL ASM Release|Win32.ActiveCfg = Debug|x64
		{8355EBA8-65C2-44A4-BC2D-78053E1BF2D6}.DLL ASM Release|x64.ActiveCfg = Debug|x64
		{8355EBA8-65C2-44A4-BC2D-78053E1BF2D6}.DLL ASM Release|x64.Build.0 = Debug|x64
		{8355EBA8-65C2-44A4-BC2D-78053E1BF2D6}.DLL Debug|Win32.ActiveCfg = Debug|Win32
		{8355EBA8-65C2-44A4-BC2D-78053E1BF2D6}.DLL Debug|Win32.Build.0 = Debug|Win32
		{8355EBA8-65C2-44A4-BC2D-78053E1BF2D6}.DLL Debug|x64.ActiveCfg = Debug|x64
		{8355EBA8-65C2-44A4-BC2D-78053E1BF2D6}.DLL Debug|x64.Build.0 = Debug|x64
		{8355EBA8-65C2-44A4-BC2D-78053E1BF2D6}.DLL Release|Win32.ActiveCfg = Debug|x64
		{8355EBA8-65C2-44A4-BC2D-78053E1BF2D6}.DLL Release|x64.ActiveCfg = Debug|x64
		{8355EBA8-65C2-44A4-BC2D-78053E1BF2D6}.DLL Release|x64.Build.0 = Debug|x64
		{8355EBA8-65C2-44A4-BC2D-78053E1BF2D6}.DLL VB|Win32.ActiveCfg = Debug|x64
		{8355EBA8-65C2-44A4-BC2D-78053E1BF2D6}.DLL VB|x64.ActiveCfg = Debug|x64
		{8355EBA8-65C2-44A4-BC2D-78053E1BF2D6}.DLL VB|x64.Build.0 = Debug|x64
		{8355EBA8-65C2-44A4-BC2D-78053E1BF2D6}.LIB ASM Debug|Win32.ActiveCfg = Debug|Win32
		{8355EBA8-65C2-44A4-BC2D-78053E1BF2D6}.LIB ASM Debug|Win32.Build.0 = Debug|Win32
		{8355EBA8-65C2-44A4-BC2D-78053E1BF2D6}.LIB ASM Debug|x64.ActiveCfg = Debug|x64
		{8355EBA8-65C2-44A4-BC2D-78053E1BF2D6}.LIB ASM Debug|x64.Build.0 = Debug|x64
		{8355EBA8-65C2-44A4-BC2D-78053E1BF2D6}.LIB ASM Release|Win32.ActiveCfg = RD|x64
		{8355EBA8-65C2-44A4-BC2D-78053E1BF2D6}.LIB ASM Release|x64.ActiveCfg = RD|x64
		{8355EBA8-65C2-44A4-BC2D-78053E1BF2D6}.LIB ASM Release|x64.Build.0 = RD|x64
		{8355EBA8-65C2-44A4-BC2D-78053E1BF2D6}.LIB Debug|Win32.ActiveCfg = Debug|Win32
		{8355EBA8-65C2-44A4-BC2D-78053E1BF2D6}.LIB Debug|Win32.Build.0 = Debug|Win32
		{8355EBA8-65C2-44A4-BC2D-78053E1BF2D6}.LIB Debug|x64.ActiveCfg = Debug|x64
		{8355EBA8-65C2-44A4-BC2D-78053E1BF2D6}.LIB Debug|x64.Build.0 = Debug|x64
		{8355EBA8-65C2-44A4-BC2D-78053E1BF2D6}.LIB Release|Win32.ActiveCfg = RD|x64
		{8355EBA8-65C2-44A4-BC2D-78053E1BF2D6}.LIB Release|x64.ActiveCfg = RD|x64
		{8355EBA8-65C2-44A4-BC2D-78053E1BF2D6}.LIB Release|x64.Build.0 = RD|x64
		{8355EBA8-65C2-44A4-BC2D-78053E1BF2D6}.RD|Win32.ActiveCfg = RD|Win32
		{8355EBA8-65C2-44A4-BC2D-78053E1BF2D6}.RD|Win32.Build.0 = RD|Win32
		{8355EBA8-65C2-44A4-BC2D-78053E1BF2D6}.RD|x64.ActiveCfg = RD|x64
		{8355EBA8-65C2-44A4-BC2D-78053E1BF2D6}.RD|x64.Build.0 = RD|x64
		{8355EBA8-65C2-44A4-BC2D-78053E1BF2D6}.Release Multithreaded|Win32.ActiveCfg = RD|x64
		{8355EBA8-65C2-44A4-BC2D-78053E1BF2D6}.Release Multithreaded|x64.ActiveCfg = RD|x64
		{8355EBA8-65C2-44A4-BC2D-78053E1BF2D6}.Release Multithreaded|x64.Build.0 = RD|x64
		{8355EBA8-65C2-44A4-BC2D-78053E1BF2D6}.Release Singlethreaded|Win32.ActiveCfg = RD|x64
		{8355EBA8-65C2-44A4-BC2D-78053E1BF2D6}.Release Singlethreaded|x64.ActiveCfg = RD|x64
		{8355EBA8-65C2-44A4-BC2D-78053E1BF2D6}.Release Singlethreaded|x64.Build.0 = RD|x64
		{8355EBA8-65C2-44A4-BC2D-78053E1BF2D6}.Release|Win32.ActiveCfg = RD|x64
		{8355EBA8-65C2-44A4-BC2D-78053E1BF2D6}.Release|x64.ActiveCfg = RD|x64
		{8355EBA8-65C2-44A4-BC2D-78053E1BF2D6}.Release|x64.Build.0 = RD|x64
		{8355EBA8-65C2-44A4-BC2D-78053E1BF2D6}.Template|Win32.ActiveCfg = RD|x64
		{8355EBA8-65C2-44A4-BC2D-78053E1BF2D6}.Template|x64.ActiveCfg = RD|x64
		{8355EBA8-65C2-44A4-BC2D-78053E1BF2D6}.Template|x64.Build.0 = RD|x64
		{B952FFC5-3039-4DE1-9F08-90ACDA483D8F}.Debug Multithreaded|Win32.ActiveCfg = Debug|x64
		{B952FFC5-3039-4DE1-9F08-90ACDA483D8F}.Debug Multithreaded|x64.ActiveCfg = Debug|x64
		{B952FFC5-3039-4DE1-9F08-90ACDA483D8F}.Debug Multithreaded|x64.Build.0 = Debug|x64
		{B952FFC5-3039-4DE1-9F08-90ACDA483D8F}.Debug Singlethreaded|Win32.ActiveCfg = Debug|x64
		{B952FFC5-3039-4DE1-9F08-90ACDA483D8F}.Debug Singlethreaded|x64.ActiveCfg = Debug|x64
		{B952FFC5-3039-4DE1-9F08-90ACDA483D8F}.Debug Singlethreaded|x64.Build.0 = Debug|x64
		{B952FFC5-3039-4DE1-9F08-90ACDA483D8F}.Debug|Win32.ActiveCfg = Debug|Win32
		{B952FFC5-3039-4DE1-9F08-90ACDA483D8F}.Debug|Win32.Build.0 = Debug|Win32
		{B952FFC5-3039-4DE1-9F08-90ACDA483D8F}.Debug|x64.ActiveCfg = Debug|x64
		{B952FFC5-3039-4DE1-9F08-90ACDA483D8F}.Debug|x64.Build.0 = Debug|x64
		{B952FFC5-3039-4DE1-9F08-90ACDA483D8F}.DLL ASM Debug|Win32.ActiveCfg = Debug|Win32
		{B952FFC5-3039-4DE1-9F08-90ACDA483D8F}.DLL ASM Debug|Win32.Build.0 = Debug|Win32
		{B952FFC5-3039-4DE1-9F08-90ACDA483D8F}.DLL ASM Debug|x64.ActiveCfg = Debug|x64
		{B952FFC5-3039-4DE1-9F08-90ACDA483D8F}.DLL ASM Debug|x64.Build.0 = Debug|x64
		{B952FFC5-3039-4DE1-9F08-90ACDA483D8F}.DLL ASM Release|Win32.ActiveCfg = Debug|x64
		{B952FFC5-3039-4DE1-9F08-90ACDA483D8F}.DLL ASM Release|x64.ActiveCfg = Debug|x64
		{B952FFC5-3039-4DE1-9F08-90ACDA483D8F}.DLL ASM Release|x64.Build.0 = Debug|x64
		{B952FFC5-3039-4DE1-9F08-90ACDA483D8F}.DLL Debug|Win32.ActiveCfg = Debug|Win32
		{B952FFC5-3039-4DE1-9F08-90ACDA483D8F}.DLL Debug|Win32.Build.0 = Debug|Win32
		{B952FFC5-3039-4DE1-9F08-90ACDA483D8F}.DLL Debug|x64.ActiveCfg = Debug|x64
		{B952FFC5-3039-4DE1-9F08-90ACDA483D8F}.DLL Debug|x64.Build.0 = Debug|x64
		{B952FFC5-3039-4DE1-9F08-90ACDA483D8F}.DLL Release|Win32.ActiveCfg = Debug|x64
		{B952FFC5-3039-4DE1-9F08-90ACDA483D8F}.DLL Release|x64.ActiveCfg = Debug|x64
		{B952FFC5-3039-4DE1-9F08-90ACDA483D8F}.DLL Release|x64.Build.0 = Debug|x64
		{B952FFC5-3039-4DE1-9F08-90ACDA483D8F}.DLL VB|Win32.ActiveCfg = Debug|x64
		{B952FFC5-3039-4DE1-9F08-90ACDA483D8F}.DLL VB|x64.ActiveCfg = Debug|x64
		{B952FFC5-3039-4DE1-9F08-90ACDA483D8F}.DLL VB|x64.Build.0 = Debug|x64
		{B952FFC5-3039-4DE1-9F08-90ACDA483D8F}.LIB ASM Debug|Win32.ActiveCfg = Debug|Win32
		{B952FFC5-3039-4DE1-9F08-90ACDA483D8F}.LIB ASM Debug|Win32.Build.0 = Debug|Win32
		{B952FFC5-3039-4DE1-9F08-90ACDA483D8F}.LIB ASM Debug|x64.ActiveCfg = Debug|x64
		{B952FFC5-3039-4DE1-9F08-90ACDA483D8F}.LIB ASM Debug|x64.Build.0 = Debug|x64
		{B952FFC5-3039-4DE1-9F08-90ACDA483D8F}.LIB ASM Release|Win32.ActiveCfg = RD|x64
		{B952FFC5-3039-4DE1-9F08-90ACDA483D8F}.LIB ASM Release|x64.ActiveCfg = RD|x64
		{B952FFC5-3039-4DE1-9F08-90ACDA483D8F}.LIB ASM Release|x64.Build.0 = RD|x64
		{B952FFC5-3039-4DE1-9F08-90ACDA483D8F}.LIB Debug|Win32.ActiveCfg = Debug|Win32
		{B952FFC5-3039-4DE1-9F08-90ACDA483D8F}.LIB Debug|Win32.Build.0 = Debug|Win32
		{B952FFC5-3039-4DE1-9F08-90ACDA483D8F}.LIB Debug|x64.ActiveCfg = Debug|x64
		{B952FFC5-3039-4DE1-9F08-90ACDA483D8F}.LIB Debug|x64.Build.0 = Debug|x64
		{B952FFC5-3039-4DE1-9F08-90ACDA483D8F}.LIB Release|Win32.ActiveCfg = RD|x64
		{B952FFC5-3039-4DE1-9F08-90ACDA483D8F}.LIB Release|x64.ActiveCfg = RD|x64
		{B952FFC5-3039-4DE1-9F08-90ACDA483D8F}.LIB Release|x64.Build.0 = RD|x64
		{B952FFC5-3039-4DE1-9F08-90ACDA483D8F}.RD|Win32.ActiveCfg = RD|Win32
		{B952FFC5-3039-4DE1-9F08-90ACDA483D8F}.RD|Win32.Build.0 = RD|Win32
		{B952FFC5-3039-4DE1-9F08-90ACDA483D8F}.RD|x64.ActiveCfg = RD|x64
		{B952FFC5-3039-4DE1-9F08-90ACDA483D8F}.RD|x64.Build.0 = RD|x64
		{B952FFC5-3039-4DE1-9F08-90ACDA483D8F}.Release Multithreaded|Win32.ActiveCfg = RD|x64
		{B952FFC5-3039-4DE1-9F08-90ACDA483D8F}.Release Multithreaded|x64.ActiveCfg = RD|x64
		{B952FFC5-3039-4DE1-9F08-90ACDA483D8F}.Release Multithreaded|x64.Build.0 = RD|x64
		{B952FFC5-3039-4DE1-9F08-90ACDA483D8F}.Release Singlethreaded|Win32.ActiveCfg = RD|x64
		{B952FFC5-3039-4DE1-9F08-90ACDA483D8F}.Release Singlethreaded|x64.ActiveCfg = RD|x64
		{B952FFC5-3039-4DE1-9F08-90ACDA483D8F}.Release Singlethreaded|x64.Build.0 = RD|x64
		{B952FFC5-3039-4DE1-9F08-90ACDA483D8F}.Release|Win32.ActiveCfg = RD|x64
		{B952FFC5-3039-4DE1-9F08-90ACDA483D8F}.Release|x64.ActiveCfg = RD|x64
		{B952FFC5-3039-4DE1-9F08-90ACDA483D8F}.Release|x64.Build.0 = RD|x64
		{B952FFC5-3039-4DE1-9F08-90ACDA483D8F}.Template|Win32.ActiveCfg = RD|x64
		{B952FFC5-3039-4DE1-9F08-90ACDA483D8F}.Template|x64.ActiveCfg = RD|x64
		{B952FFC5-3039-4DE1-9F08-90ACDA483D8F}.Template|x64.Build.0 = RD|x64
		{8AF697C3-465E-4910-B31B-576A9ECDB309}.Debug Multithreaded|Win32.ActiveCfg = Debug|x64
		{8AF697C3-465E-4910-B31B-576A9ECDB309}.Debug Multithreaded|x64.ActiveCfg = Debug|x64
		{8AF697C3-465E-4910-B31B-576A9ECDB309}.Debug Multithreaded|x64.Build.0 = Debug|x64
		{8AF697C3-465E-4910-B31B-576A9ECDB309}.Debug Singlethreaded|Win32.ActiveCfg = Debug|x64
		{8AF697C3-465E-4910-B31B-576A9ECDB309}.Debug Singlethreaded|x64.ActiveCfg = Debug|x64
		{8AF697C3-465E-4910-B31B-576A9ECDB309}.Debug Singlethreaded|x64.Build.0 = Debug|x64
		{8AF697C3-465E-4910-B31B-576A9ECDB309}.Debug|Win32.ActiveCfg = Debug|Win32
		{8AF697C3-465E-4910-B31B-576A9ECDB309}.Debug|Win32.Build.0 = Debug|Win32
		{8AF697C3-465E-4910-B31B-576A9ECDB309}.Debug|x64.ActiveCfg = Debug|x64
		{8AF697C3-465E-4910-B31B-576A9ECDB309}.Debug|x64.Build.0 = Debug|x64
		{8AF697C3-465E-4910-B31B-576A9ECDB309}.DLL ASM Debug|Win32.ActiveCfg = Debug|Win32
		{8AF697C3-465E-4910-B31B-576A9ECDB309}.DLL ASM Debug|Win32.Build.0 = Debug|Win32
		{8AF697C3-465E-4910-B31B-576A9ECDB309}.DLL ASM Debug|x64.ActiveCfg = Debug|x64
		{8AF697C3-465E-4910-B31B-576A9ECDB309}.DLL ASM Debug|x64.Build.0 = Debug|x64
		{8AF697C3-465E-4910-B31B-576A9ECDB309}.DLL ASM Release|Win32.ActiveCfg = Debug|x64
		{8AF697C3-465E-4910-B31B-576A9ECDB309}.DLL ASM Release|x64.ActiveCfg = Debug|x64
		{8AF697C3-465E-4910-B31B-576A9ECDB309}.DLL ASM Release|x64.Build.0 = Debug|x64
		{8AF697C3-465E-4910-B31B-576A9ECDB309}.DLL Debug|Win32.ActiveCfg = Debug|Win32
		{8AF697C3-465E-4910-B31B-576A9ECDB309}.DLL Debug|Win32.Build.0 = Debug|Win32
		{8AF697C3-465E-4910-B31B-576A9ECDB309}.DLL Debug|x64.ActiveCfg = Debug|x64
		{8AF697C3-465E-4910-B31B-576A9ECDB309}.DLL Debug|x64.Build.0 = Debug|x64
		{8AF697C3-465E-4910-B31B-576A9ECDB309}.DLL Release|Win32.ActiveCfg = Debug|x64
		{8AF697C3-465E-4910-B31B-576A9ECDB309}.DLL Release|x64.ActiveCfg = Debug|x64
		{8AF697C3-465E-4910-B31B-576A9ECDB309}.DLL Release|x64.Build.0 = Debug|x64
		{8AF697C3-465E-4910-B31B-576A9ECDB309}.DLL VB|Win32.ActiveCfg = Debug|x64
		{8AF697C3-465E-4910-B31B-576A9ECDB309}.DLL VB|x64.ActiveCfg = Debug|x64
		{8AF697C3-465E-4910-B31B-576A9ECDB309}.DLL VB|x64.Build.0 = Debug|x64
		{8AF697C3-465E-4910-B31B-576A9ECDB309}.LIB ASM Debug|Win32.ActiveCfg = Debug|Win32
		{8AF697C3-465E-4910-B31B-576A9ECDB309}.LIB ASM Debug|Win32.Build.0 = Debug|Win32
		{8AF697C3-465E-4910-B31B-576A9ECDB309}.LIB ASM Debug|x64.ActiveCfg = Debug|x64
		{8AF697C3-465E-4910-B31B-576A9ECDB309}.LIB ASM Debug|x64.Build.0 = Debug|x64
		{8AF697C3-465E-4910-B31B-576A9ECDB309}.LIB ASM Release|Win32.ActiveCfg = RD|x64
		{8AF697C3-465E-4910-B31B-576A9ECDB309}.LIB ASM Release|x64.ActiveCfg = RD|x64
		{8AF697C3-465E-4910-B31B-576A9ECDB309}.LIB ASM Release|x64.Build.0 = RD|x64
		{8AF697C3-465E-4910-B31B-576A9ECDB309}.LIB Debug|Win32.ActiveCfg = Debug|Win32
		{8AF697C3-465E-4910-B31B-576A9ECDB309}.LIB Debug|Win32.Build.0 = Debug|Win32
		{8AF697C3-465E-4910-B31B-576A9ECDB309}.LIB Debug|x64.ActiveCfg = Debug|x64
		{8AF697C3-465E-4910-B31B-576A9ECDB309}.LIB Debug|x64.Build.0 = Debug|x64
		{8AF697C3-465E-4910-B31B-576A9ECDB309}.LIB Release|Win32.ActiveCfg = RD|x64
		{8AF697C3-465E-4910-B31B-576A9ECDB309}.LIB Release|x64.ActiveCfg = RD|x64
		{8AF697C3-465E-4910-B31B-576A9ECDB309}.LIB Release|x64.Build.0 = RD|x64
		{8AF697C3-465E-4910-B31B-576A9ECDB309}.RD|Win32.ActiveCfg = RD|Win32
		{8AF697C3-465E-4910-B31B-576A9ECDB309}.RD|Win32.Build.0 = RD|Win32
		{8AF697C3-465E-4910-B31B-576A9ECDB309}.RD|x64.ActiveCfg = RD|x64
		{8AF697C3-465E-4910-B31B-576A9ECDB309}.RD|x64.Build.0 = RD|x64
		{8AF697C3-465E-4910-B31B-576A9ECDB309}.Release Multithreaded|Win32.ActiveCfg = RD|x64
		{8AF697C3-465E-4910-B31B-576A9ECDB309}.Release Multithreaded|x64.ActiveCfg = RD|x64
		{8AF697C3-465E-4910-B31B-576A9ECDB309}.Release Multithreaded|x64.Build.0 = RD|x64
		{8AF697C3-465E-4910-B31B-576A9ECDB309}.Release Singlethreaded|Win32.ActiveCfg = RD|x64
		{8AF697C3-465E-4910-B31B-576A9ECDB309}.Release Singlethreaded|x64.ActiveCfg = RD|x64
		{8AF697C3-465E-4910-B31B-576A9ECDB309}.Release Singlethreaded|x64.Build.0 = RD|x64
		{8AF697C3-465E-4910-B31B-576A9ECDB309}.Release|Win32.ActiveCfg = RD|x64
		{8AF697C3-465E-4910-B31B-576A9ECDB309}.Release|x64.ActiveCfg = RD|x64
		{8AF697C3-465E-4910-B31B-576A9ECDB309}.Release|x64.Build.0 = RD|x64
		{8AF697C3-465E-4910-B31B-576A9ECDB309}.Template|Win32.ActiveCfg = RD|x64
		{8AF697C3-465E-4910-B31B-576A9ECDB309}.Template|x64.ActiveCfg = RD|x64
		{8AF697C3-465E-4910-B31B-576A9ECDB309}.Template|x64.Build.0 = RD|x64
		{15DABC90-234A-4B6B-9EEB-777C4768B82B}.Debug Multithreaded|Win32.ActiveCfg = Debug|x64
		{15DABC90-234A-4B6B-9EEB-777C4768B82B}.Debug Multithreaded|x64.ActiveCfg = Debug|x64
		{15DABC90-234A-4B6B-9EEB-777C4768B82B}.Debug Multithreaded|x64.Build.0 = Debug|x64
		{15DABC90-234A-4B6B-9EEB-777C4768B82B}.Debug Singlethreaded|Win32.ActiveCfg = Debug|x64
		{15DABC90-234A-4B6B-9EEB-777C4768B82B}.Debug Singlethreaded|x64.ActiveCfg = Debug|x64
		{15DABC90-234A-4B6B-9EEB-777C4768B82B}.Debug Singlethreaded|x64.Build.0 = Debug|x64
		{15DABC90-234A-4B6B-9EEB-777C4768B82B}.Debug|Win32.ActiveCfg = Debug|Win32
		{15DABC90-234A-4B6B-9EEB-777C4768B82B}.Debug|Win32.Build.0 = Debug|Win32
		{15DABC90-234A-4B6B-9EEB-777C4768B82B}.Debug|x64.ActiveCfg = Debug|x64
		{15DABC90-234A-4B6B-9EEB-777C4768B82B}.Debug|x64.Build.0 = Debug|x64
		{15DABC90-234A-4B6B-9EEB-777C4768B82B}.DLL ASM Debug|Win32.ActiveCfg = Debug|Win32
		{15DABC90-234A-4B6B-9EEB-777C4768B82B}.DLL ASM Debug|Win32.Build.0 = Debug|Win32
		{15DABC90-234A-4B6B-9EEB-777C4768B82B}.DLL ASM Debug|x64.ActiveCfg = Debug|x64
		{15DABC90-234A-4B6B-9EEB-777C4768B82B}.DLL ASM Debug|x64.Build.0 = Debug|x64
		{15DABC90-234A-4B6B-9EEB-777C4768B82B}.DLL ASM Release|Win32.ActiveCfg = Debug|x64
		{15DABC90-234A-4B6B-9EEB-777C4768B82B}.DLL ASM Release|x64.ActiveCfg = Debug|x64
		{15DABC90-234A-4B6B-9EEB-777C4768B82B}.DLL ASM Release|x64.Build.0 = Debug|x64
		{15DABC90-234A-4B6B-9EEB-777C4768B82B}.DLL Debug|Win32.ActiveCfg = Debug|Win32
		{15DABC90-234A-4B6B-9EEB-777C4768B82B}.DLL Debug|Win32.Build.0 = Debug|Win32
		{15DABC90-234A-4B6B-9EEB-777C4768B82B}.DLL Debug|x64.ActiveCfg = Debug|x64
		{15DABC90-234A-4B6B-9EEB-777C4768B82B}.DLL Debug|x64.Build.0 = Debug|x64
		{15DABC90-234A-4B6B-9EEB-777C4768B82B}.DLL Release|Win32.ActiveCfg = Debug|x64
		{15DABC90-234A-4B6B-9EEB-777C4768B82B}.DLL Release|x64.ActiveCfg = Debug|x64
		{15DABC90-234A-4B6B-9EEB-777C4768B82B}.DLL Release|x64.Build.0 = Debug|x64
		{15DABC90-234A-4B6B-9EEB-777C4768B82B}.DLL VB|Win32.ActiveCfg = Debug|x64
		{15DABC90-234A-4B6B-9EEB-777C4768B82B}.DLL VB|x64.ActiveCfg = Debug|x64
		{15DABC90-234A-4B6B-9EEB-777C4768B82B}.DLL VB|x64.Build.0 = Debug|x64
		{15DABC90-234A-4B6B-9EEB-777C4768B82B}.LIB ASM Debug|Win32.ActiveCfg = Debug|Win32
		{15DABC90-234A-4B6B-9EEB-777C4768B82B}.LIB ASM Debug|Win32.Build.0 = Debug|Win32
		{15DABC90-234A-4B6B-9EEB-777C4768B82B}.LIB ASM Debug|x64.ActiveCfg = Debug|x64
		{15DABC90-234A-4B6B-9EEB-777C4768B82B}.LIB ASM Debug|x64.Build.0 = Debug|x64
		{15DABC90-234A-4B6B-9EEB-777C4768B82B}.LIB ASM Release|Win32.ActiveCfg = RD|x64
		{15DABC90-234A-4B6B-9EEB-777C4768B82B}.LIB ASM Release|x64.ActiveCfg = RD|x64
		{15DABC90-234A-4B6B-9EEB-777C4768B82B}.LIB ASM Release|x64.Build.0 = RD|x64
		{15DABC90-234A-4B6B-9EEB-777C4768B82B}.LIB Debug|Win32.ActiveCfg = Debug|Win32
		{15DABC90-234A-4B6B-9EEB-777C4768B82B}.LIB Debug|Win32.Build.0 = Debug|Win32
		{15DABC90-234A-4B6B-9EEB-777C4768B82B}.LIB Debug|x64.ActiveCfg = Debug|x64
		{15DABC90-234A-4B6B-9EEB-777C4768B82B}.LIB Debug|x64.Build.0 = Debug|x64
		{15DABC90-234A-4B6B-9EEB-777C4768B82B}.LIB Release|Win32.ActiveCfg = RD|x64
		{15DABC90-234A-4B6B-9EEB-777C4768B82B}.LIB Release|x64.ActiveCfg = RD|x64
		{15DABC90-234A-4B6B-9EEB-777C4768B82B}.LIB Release|x64.Build.0 = RD|x64
		{15DABC90-234A-4B6B-9EEB-777C4768B82B}.RD|Win32.ActiveCfg = RD|Win32
		{15DABC90-234A-4B6B-9EEB-777C4768B82B}.RD|Win32.Build.0 = RD|Win32
		{15DABC90-234A-4B6B-9EEB-777C4768B82B}.RD|x64.ActiveCfg = RD|x64
		{15DABC90-234A-4B6B-9EEB-777C4768B82B}.RD|x64.Build.0 = RD|x64
		{15DABC90-234A-4B6B-9EEB-777C4768B82B}.Release Multithreaded|Win32.ActiveCfg = RD|x64
		{15DABC90-234A-4B6B-9EEB-777C4768B82B}.Release Multithreaded|x64.ActiveCfg = RD|x64
		{15DABC90-234A-4B6B-9EEB-777C4768B82B}.Release Multithreaded|x64.Build.0 = RD|x64
		{15DABC90-234A-4B6B-9EEB-777C4768B82B}.Release Singlethreaded|Win32.ActiveCfg = RD|x64
		{15DABC90-234A-4B6B-9EEB-777C4768B82B}.Release Singlethreaded|x64.ActiveCfg = RD|x64
		{15DABC90-234A-4B6B-9EEB-777C4768B82B}.Release Singlethreaded|x64.Build.0 = RD|x64
		{15DABC90-234A-4B6B-9EEB-777C4768B82B}.Release|Win32.ActiveCfg = RD|x64
		{15DABC90-234A-4B6B-9EEB-777C4768B82B}.Release|x64.ActiveCfg = RD|x64
		{15DABC90-234A-4B6B-9EEB-777C4768B82B}.Release|x64.Build.0 = RD|x64
		{15DABC90-234A-4B6B-9EEB-777C4768B82B}.Template|Win32.ActiveCfg = RD|x64
		{15DABC90-234A-4B6B-9EEB-777C4768B82B}.Template|x64.ActiveCfg = RD|x64
		{15DABC90-234A-4B6B-9EEB-777C4768B82B}.Template|x64.Build.0 = RD|x64
		{8F202F43-106D-4F63-AD9D-B1D43E803E8C}.Debug Multithreaded|Win32.ActiveCfg = Debug|x64
		{8F202F43-106D-4F63-AD9D-B1D43E803E8C}.Debug Multithreaded|x64.ActiveCfg = Debug|x64
		{8F202F43-106D-4F63-AD9D-B1D43E803E8C}.Debug Multithreaded|x64.Build.0 = Debug|x64
		{8F202F43-106D-4F63-AD9D-B1D43E803E8C}.Debug Singlethreaded|Win32.ActiveCfg = Debug|x64
		{8F202F43-106D-4F63-AD9D-B1D43E803E8C}.Debug Singlethreaded|x64.ActiveCfg = Debug|x64
		{8F202F43-106D-4F63-AD9D-B1D43E803E8C}.Debug Singlethreaded|x64.Build.0 = Debug|x64
		{8F202F43-106D-4F63-AD9D-B1D43E803E8C}.Debug|Win32.ActiveCfg = Debug|Win32
		{8F202F43-106D-4F63-AD9D-B1D43E803E8C}.Debug|Win32.Build.0 = Debug|Win32
		{8F202F43-106D-4F63-AD9D-B1D43E803E8C}.Debug|x64.ActiveCfg = Debug|x64
		{8F202F43-106D-4F63-AD9D-B1D43E803E8C}.Debug|x64.Build.0 = Debug|x64
		{8F202F43-106D-4F63-AD9D-B1D43E803E8C}.DLL ASM Debug|Win32.ActiveCfg = Debug|Win32
		{8F202F43-106D-4F63-AD9D-B1D43E803E8C}.DLL ASM Debug|Win32.Build.0 = Debug|Win32
		{8F202F43-106D-4F63-AD9D-B1D43E803E8C}.DLL ASM Debug|x64.ActiveCfg = Debug|x64
		{8F202F43-106D-4F63-AD9D-B1D43E803E8C}.DLL ASM Debug|x64.Build.0 = Debug|x64
		{8F202F43-106D-4F63-AD9D-B1D43E803E8C}.DLL ASM Release|Win32.ActiveCfg = Debug|x64
		{8F202F43-106D-4F63-AD9D-B1D43E803E8C}.DLL ASM Release|x64.ActiveCfg = Debug|x64
		{8F202F43-106D-4F63-AD9D-B1D43E803E8C}.DLL ASM Release|x64.Build.0 = Debug|x64
		{8F202F43-106D-4F63-AD9D-B1D43E803E8C}.DLL Debug|Win32.ActiveCfg = Debug|Win32
		{8F202F43-106D-4F63-AD9D-B1D43E803E8C}.DLL Debug|Win32.Build.0 = Debug|Win32
		{8F202F43-106D-4F63-AD9D-B1D43E803E8C}.DLL Debug|x64.ActiveCfg = Debug|x64
		{8F202F43-106D-4F63-AD9D-B1D43E803E8C}.DLL Debug|x64.Build.0 = Debug|x64
		{8F202F43-106D-4F63-AD9D-B1D43E803E8C}.DLL Release|Win32.ActiveCfg = Debug|x64
		{8F202F43-106D-4F63-AD9D-B1D43E803E8C}.DLL Release|x64.ActiveCfg = Debug|x64
		{8F202F43-106D-4F63-AD9D-B1D43E803E8C}.DLL Release|x64.Build.0 = Debug|x64
		{8F202F43-106D-4F63-AD9D-B1D43E803E8C}.DLL VB|Win32.ActiveCfg = Debug|x64
		{8F202F43-106D-4F63-AD9D-B1D43E803E8C}.DLL VB|x64.ActiveCfg = Debug|x64
		{8F202F43-106D-4F63-AD9D-B1D43E803E8C}.DLL VB|x64.Build.0 = Debug|x64
		{8F202F43-106D-4F63-AD9D-B1D43E803E8C}.LIB ASM Debug|Win32.ActiveCfg = Debug|Win32
		{8F202F43-106D-4F63-AD9D-B1D43E803E8C}.LIB ASM Debug|Win32.Build.0 = Debug|Win32
		{8F202F43-106D-4F63-AD9D-B1D43E803E8C}.LIB ASM Debug|x64.ActiveCfg = Debug|x64
		{8F202F43-106D-4F63-AD9D-B1D43E803E8C}.LIB ASM Debug|x64.Build.0 = Debug|x64
		{8F202F43-106D-4F63-AD9D-B1D43E803E8C}.LIB ASM Release|Win32.ActiveCfg = RD|x64
		{8F202F43-106D-4F63-AD9D-B1D43E803E8C}.LIB ASM Release|x64.ActiveCfg = RD|x64
		{8F202F43-106D-4F63-AD9D-B1D43E803E8C}.LIB ASM Release|x64.Build.0 = RD|x64
		{8F202F43-106D-4F63-AD9D-B1D43E803E8C}.LIB Debug|Win32.ActiveCfg = Debug|Win32
		{8F202F43-106D-4F63-AD9D-B1D43E803E8C}.LIB Debug|Win32.Build.0 = Debug|Win32
		{8F202F43-106D-4F63-AD9D-B1D43E803E8C}.LIB Debug|x64.ActiveCfg = Debug|x64
		{8F202F43-106D-4F63-AD9D-B1D43E803E8C}.LIB Debug|x64.Build.0 = Debug|x64
		{8F202F43-106D-4F63-AD9D-B1D43E803E8C}.LIB Release|Win32.ActiveCfg = RD|x64
		{8F202F43-106D-4F63-AD9D-B1D43E803E8C}.LIB Release|x64.ActiveCfg = RD|x64
		{8F202F43-106D-4F63-AD9D-B1D43E803E8C}.LIB Release|x64.Build.0 = RD|x64
		{8F202F43-106D-4F63-AD9D-B1D43E803E8C}.RD|Win32.ActiveCfg = RD|Win32
		{8F202F43-106D-4F63-AD9D-B1D43E803E8C}.RD|Win32.Build.0 = RD|Win32
		{8F202F43-106D-4F63-AD9D-B1D43E803E8C}.RD|x64.ActiveCfg = RD|x64
		{8F202F43-106D-4F63-AD9D-B1D43E803E8C}.RD|x64.Build.0 = RD|x64
		{8F202F43-106D-4F63-AD9D-B1D43E803E8C}.Release Multithreaded|Win32.ActiveCfg = RD|x64
		{8F202F43-106D-4F63-AD9D-B1D43E803E8C}.Release Multithreaded|x64.ActiveCfg = RD|x64
		{8F202F43-106D-4F63-AD9D-B1D43E803E8C}.Release Multithreaded|x64.Build.0 = RD|x64
		{8F202F43-106D-4F63-AD9D-B1D43E803E8C}.Release Singlethreaded|Win32.ActiveCfg = RD|x64
		{8F202F43-106D-4F63-AD9D-B1D43E803E8C}.Release Singlethreaded|x64.ActiveCfg = RD|x64
		{8F202F43-106D-4F63-AD9D-B1D43E803E8C}.Release Singlethreaded|x64.Build.0 = RD|x64
		{8F202F43-106D-4F63-AD9D-B1D43E803E8C}.Release|Win32.ActiveCfg = RD|x64
		{8F202F43-106D-4F63-AD9D-B1D43E803E8C}.Release|x64.ActiveCfg = RD|x64
		{8F202F43-106D-4F63-AD9D-B1D43E803E8C}.Release|x64.Build.0 = RD|x64
		{8F202F43-106D-4F63-AD9D-B1D43E803E8C}.Template|Win32.ActiveCfg = RD|x64
		{8F202F43-106D-4F63-AD9D-B1D43E803E8C}.Template|x64.ActiveCfg = RD|x64
		{8F202F43-106D-4F63-AD9D-B1D43E803E8C}.Template|x64.Build.0 = RD|x64
		{276C3DB0-7A6B-4417-8E5C-322B08633AAC}.Debug Multithreaded|Win32.ActiveCfg = Debug|x64
		{276C3DB0-7A6B-4417-8E5C-322B08633AAC}.Debug Multithreaded|x64.ActiveCfg = Debug|x64
		{276C3DB0-7A6B-4417-8E5C-322B08633AAC}.Debug Multithreaded|x64.Build.0 = Debug|x64
		{276C3DB0-7A6B-4417-8E5C-322B08633AAC}.Debug Singlethreaded|Win32.ActiveCfg = Debug|x64
		{276C3DB0-7A6B-4417-8E5C-322B08633AAC}.Debug Singlethreaded|x64.ActiveCfg = Debug|x64
		{276C3DB0-7A6B-4417-8E5C-322B08633AAC}.Debug Singlethreaded|x64.Build.0 = Debug|x64
		{276C3DB0-7A6B-4417-8E5C-322B08633AAC}.Debug|Win32.ActiveCfg = Debug|Win32
		{276C3DB0-7A6B-4417-8E5C-322B08633AAC}.Debug|Win32.Build.0 = Debug|Win32
		{276C3DB0-7A6B-4417-8E5C-322B08633AAC}.Debug|x64.ActiveCfg = Debug|Win32
		{276C3DB0-7A6B-4417-8E5C-322B08633AAC}.DLL ASM Debug|Win32.ActiveCfg = Debug|Win32
		{276C3DB0-7A6B-4417-8E5C-322B08633AAC}.DLL ASM Debug|Win32.Build.0 = Debug|Win32
		{276C3DB0-7A6B-4417-8E5C-322B08633AAC}.DLL ASM Debug|x64.ActiveCfg = Debug|x64
		{276C3DB0-7A6B-4417-8E5C-322B08633AAC}.DLL ASM Debug|x64.Build.0 = Debug|x64
		{276C3DB0-7A6B-4417-8E5C-322B08633AAC}.DLL ASM Release|Win32.ActiveCfg = Debug|x64
		{276C3DB0-7A6B-4417-8E5C-322B08633AAC}.DLL ASM Release|x64.ActiveCfg = Debug|x64
		{276C3DB0-7A6B-4417-8E5C-322B08633AAC}.DLL ASM Release|x64.Build.0 = Debug|x64
		{276C3DB0-7A6B-4417-8E5C-322B08633AAC}.DLL Debug|Win32.ActiveCfg = Debug|Win32
		{276C3DB0-7A6B-4417-8E5C-322B08633AAC}.DLL Debug|Win32.Build.0 = Debug|Win32
		{276C3DB0-7A6B-4417-8E5C-322B08633AAC}.DLL Debug|x64.ActiveCfg = Debug|x64
		{276C3DB0-7A6B-4417-8E5C-322B08633AAC}.DLL Debug|x64.Build.0 = Debug|x64
		{276C3DB0-7A6B-4417-8E5C-322B08633AAC}.DLL Release|Win32.ActiveCfg = Debug|x64
		{276C3DB0-7A6B-4417-8E5C-322B08633AAC}.DLL Release|x64.ActiveCfg = Debug|x64
		{276C3DB0-7A6B-4417-8E5C-322B08633AAC}.DLL Release|x64.Build.0 = Debug|x64
		{276C3DB0-7A6B-4417-8E5C-322B08633AAC}.DLL VB|Win32.ActiveCfg = Debug|x64
		{276C3DB0-7A6B-4417-8E5C-322B08633AAC}.DLL VB|x64.ActiveCfg = Debug|x64
		{276C3DB0-7A6B-4417-8E5C-322B08633AAC}.DLL VB|x64.Build.0 = Debug|x64
		{276C3DB0-7A6B-4417-8E5C-322B08633AAC}.LIB ASM Debug|Win32.ActiveCfg = Debug|Win32
		{276C3DB0-7A6B-4417-8E5C-322B08633AAC}.LIB ASM Debug|Win32.Build.0 = Debug|Win32
		{276C3DB0-7A6B-4417-8E5C-322B08633AAC}.LIB ASM Debug|x64.ActiveCfg = Debug|x64
		{276C3DB0-7A6B-4417-8E5C-322B08633AAC}.LIB ASM Debug|x64.Build.0 = Debug|x64
		{276C3DB0-7A6B-4417-8E5C-322B08633AAC}.LIB ASM Release|Win32.ActiveCfg = RD|x64
		{276C3DB0-7A6B-4417-8E5C-322B08633AAC}.LIB ASM Release|x64.ActiveCfg = RD|x64
		{276C3DB0-7A6B-4417-8E5C-322B08633AAC}.LIB ASM Release|x64.Build.0 = RD|x64
		{276C3DB0-7A6B-4417-8E5C-322B08633AAC}.LIB Debug|Win32.ActiveCfg = Debug|Win32
		{276C3DB0-7A6B-4417-8E5C-322B08633AAC}.LIB Debug|Win32.Build.0 = Debug|Win32
		{276C3DB0-7A6B-4417-8E5C-322B08633AAC}.LIB Debug|x64.ActiveCfg = Debug|x64
		{276C3DB0-7A6B-4417-8E5C-322B08633AAC}.LIB Debug|x64.Build.0 = Debug|x64
		{276C3DB0-7A6B-4417-8E5C-322B08633AAC}.LIB Release|Win32.ActiveCfg = RD|x64
		{276C3DB0-7A6B-4417-8E5C-322B08633AAC}.LIB Release|x64.ActiveCfg = RD|x64
		{276C3DB0-7A6B-4417-8E5C-322B08633AAC}.LIB Release|x64.Build.0 = RD|x64
		{276C3DB0-7A6B-4417-8E5C-322B08633AAC}.RD|Win32.ActiveCfg = RD|Win32
		{276C3DB0-7A6B-4417-8E5C-322B08633AAC}.RD|Win32.Build.0 = RD|Win32
		{276C3DB0-7A6B-4417-8E5C-322B08633AAC}.RD|x64.ActiveCfg = RD|Win32
		{276C3DB0-7A6B-4417-8E5C-322B08633AAC}.Release Multithreaded|Win32.ActiveCfg = RD|x64
		{276C3DB0-7A6B-4417-8E5C-322B08633AAC}.Release Multithreaded|x64.ActiveCfg = RD|x64
		{276C3DB0-7A6B-4417-8E5C-322B08633AAC}.Release Multithreaded|x64.Build.0 = RD|x64
		{276C3DB0-7A6B-4417-8E5C-322B08633AAC}.Release Singlethreaded|Win32.ActiveCfg = RD|x64
		{276C3DB0-7A6B-4417-8E5C-322B08633AAC}.Release Singlethreaded|x64.ActiveCfg = RD|x64
		{276C3DB0-7A6B-4417-8E5C-322B08633AAC}.Release Singlethreaded|x64.Build.0 = RD|x64
		{276C3DB0-7A6B-4417-8E5C-322B08633AAC}.Release|Win32.ActiveCfg = RD|x64
		{276C3DB0-7A6B-4417-8E5C-322B08633AAC}.Release|x64.ActiveCfg = RD|x64
		{276C3DB0-7A6B-4417-8E5C-322B08633AAC}.Release|x64.Build.0 = RD|x64
		{276C3DB0-7A6B-4417-8E5C-322B08633AAC}.Template|Win32.ActiveCfg = RD|x64
		{276C3DB0-7A6B-4417-8E5C-322B08633AAC}.Template|x64.ActiveCfg = RD|x64
		{276C3DB0-7A6B-4417-8E5C-322B08633AAC}.Template|x64.Build.0 = RD|x64
		{D15B34EC-A32C-4968-9B0B-66998B579364}.Debug Multithreaded|Win32.ActiveCfg = Debug|x64
		{D15B34EC-A32C-4968-9B0B-66998B579364}.Debug Multithreaded|x64.ActiveCfg = Debug|x64
		{D15B34EC-A32C-4968-9B0B-66998B579364}.Debug Multithreaded|x64.Build.0 = Debug|x64
		{D15B34EC-A32C-4968-9B0B-66998B579364}.Debug Singlethreaded|Win32.ActiveCfg = Debug|x64
		{D15B34EC-A32C-4968-9B0B-66998B579364}.Debug Singlethreaded|x64.ActiveCfg = Debug|x64
		{D15B34EC-A32C-4968-9B0B-66998B579364}.Debug Singlethreaded|x64.Build.0 = Debug|x64
		{D15B34EC-A32C-4968-9B0B-66998B579364}.Debug|Win32.ActiveCfg = Debug|Win32
		{D15B34EC-A32C-4968-9B0B-66998B579364}.Debug|Win32.Build.0 = Debug|Win32
		{D15B34EC-A32C-4968-9B0B-66998B579364}.Debug|x64.ActiveCfg = Debug|Win32
		{D15B34EC-A32C-4968-9B0B-66998B579364}.DLL ASM Debug|Win32.ActiveCfg = Debug|Win32
		{D15B34EC-A32C-4968-9B0B-66998B579364}.DLL ASM Debug|Win32.Build.0 = Debug|Win32
		{D15B34EC-A32C-4968-9B0B-66998B579364}.DLL ASM Debug|x64.ActiveCfg = Debug|x64
		{D15B34EC-A32C-4968-9B0B-66998B579364}.DLL ASM Debug|x64.Build.0 = Debug|x64
		{D15B34EC-A32C-4968-9B0B-66998B579364}.DLL ASM Release|Win32.ActiveCfg = Debug|x64
		{D15B34EC-A32C-4968-9B0B-66998B579364}.DLL ASM Release|x64.ActiveCfg = Debug|x64
		{D15B34EC-A32C-4968-9B0B-66998B579364}.DLL ASM Release|x64.Build.0 = Debug|x64
		{D15B34EC-A32C-4968-9B0B-66998B579364}.DLL Debug|Win32.ActiveCfg = Debug|Win32
		{D15B34EC-A32C-4968-9B0B-66998B579364}.DLL Debug|Win32.Build.0 = Debug|Win32
		{D15B34EC-A32C-4968-9B0B-66998B579364}.DLL Debug|x64.ActiveCfg = Debug|x64
		{D15B34EC-A32C-4968-9B0B-66998B579364}.DLL Debug|x64.Build.0 = Debug|x64
		{D15B34EC-A32C-4968-9B0B-66998B579364}.DLL Release|Win32.ActiveCfg = Debug|x64
		{D15B34EC-A32C-4968-9B0B-66998B579364}.DLL Release|x64.ActiveCfg = Debug|x64
		{D15B34EC-A32C-4968-9B0B-66998B579364}.DLL Release|x64.Build.0 = Debug|x64
		{D15B34EC-A32C-4968-9B0B-66998B579364}.DLL VB|Win32.ActiveCfg = Debug|x64
		{D15B34EC-A32C-4968-9B0B-66998B579364}.DLL VB|x64.ActiveCfg = Debug|x64
		{D15B34EC-A32C-4968-9B0B-66998B579364}.DLL VB|x64.Build.0 = Debug|x64
		{D15B34EC-A32C-4968-9B0B-66998B579364}.LIB ASM Debug|Win32.ActiveCfg = Debug|Win32
		{D15B34EC-A32C-4968-9B0B-66998B579364}.LIB ASM Debug|Win32.Build.0 = Debug|Win32
		{D15B34EC-A32C-4968-9B0B-66998B579364}.LIB ASM Debug|x64.ActiveCfg = Debug|x64
		{D15B34EC-A32C-4968-9B0B-66998B579364}.LIB ASM Debug|x64.Build.0 = Debug|x64
		{D15B34EC-A32C-4968-9B0B-66998B579364}.LIB ASM Release|Win32.ActiveCfg = RD|x64
		{D15B34EC-A32C-4968-9B0B-66998B579364}.LIB ASM Release|x64.ActiveCfg = RD|x64
		{D15B34EC-A32C-4968-9B0B-66998B579364}.LIB ASM Release|x64.Build.0 = RD|x64
		{D15B34EC-A32C-4968-9B0B-66998B579364}.LIB Debug|Win32.ActiveCfg = Debug|Win32
		{D15B34EC-A32C-4968-9B0B-66998B579364}.LIB Debug|Win32.Build.0 = Debug|Win32
		{D15B34EC-A32C-4968-9B0B-66998B579364}.LIB Debug|x64.ActiveCfg = Debug|x64
		{D15B34EC-A32C-4968-9B0B-66998B579364}.LIB Debug|x64.Build.0 = Debug|x64
		{D15B34EC-A32C-4968-9B0B-66998B579364}.LIB Release|Win32.ActiveCfg = RD|x64
		{D15B34EC-A32C-4968-9B0B-66998B579364}.LIB Release|x64.ActiveCfg = RD|x64
		{D15B34EC-A32C-4968-9B0B-66998B579364}.LIB Release|x64.Build.0 = RD|x64
		{D15B34EC-A32C-4968-9B0B-66998B579364}.RD|Win32.ActiveCfg = RD|Win32
		{D15B34EC-A32C-4968-9B0B-66998B579364}.RD|Win32.Build.0 = RD|Win32
		{D15B34EC-A32C-4968-9B0B-66998B579364}.RD|x64.ActiveCfg = RD|Win32
		{D15B34EC-A32C-4968-9B0B-66998B579364}.Release Multithreaded|Win32.ActiveCfg = RD|x64
		{D15B34EC-A32C-4968-9B0B-66998B579364}.Release Multithreaded|x64.ActiveCfg = RD|x64
		{D15B34EC-A32C-4968-9B0B-66998B579364}.Release Multithreaded|x64.Build.0 = RD|x64
		{D15B34EC-A32C-4968-9B0B-66998B579364}.Release Singlethreaded|Win32.ActiveCfg = RD|x64
		{D15B34EC-A32C-4968-9B0B-66998B579364}.Release Singlethreaded|x64.ActiveCfg = RD|x64
		{D15B34EC-A32C-4968-9B0B-66998B579364}.Release Singlethreaded|x64.Build.0 = RD|x64
		{D15B34EC-A32C-4968-9B0B-66998B579364}.Release|Win32.ActiveCfg = RD|x64
		{D15B34EC-A32C-4968-9B0B-66998B579364}.Release|x64.ActiveCfg = RD|x64
		{D15B34EC-A32C-4968-9B0B-66998B579364}.Release|x64.Build.0 = RD|x64
		{D15B34EC-A32C-4968-9B0B-66998B579364}.Template|Win32.ActiveCfg = RD|x64
		{D15B34EC-A32C-4968-9B0B-66998B579364}.Template|x64.ActiveCfg = RD|x64
		{D15B34EC-A32C-4968-9B0B-66998B579364}.Template|x64.Build.0 = RD|x64
		{81CE8DAF-EBB2-4761-8E45-B71ABCCA8C68}.Debug Multithreaded|Win32.ActiveCfg = Debug|x64
		{81CE8DAF-EBB2-4761-8E45-B71ABCCA8C68}.Debug Multithreaded|x64.ActiveCfg = Debug|x64
		{81CE8DAF-EBB2-4761-8E45-B71ABCCA8C68}.Debug Multithreaded|x64.Build.0 = Debug|x64
		{81CE8DAF-EBB2-4761-8E45-B71ABCCA8C68}.Debug Singlethreaded|Win32.ActiveCfg = Debug|x64
		{81CE8DAF-EBB2-4761-8E45-B71ABCCA8C68}.Debug Singlethreaded|x64.ActiveCfg = Debug|x64
		{81CE8DAF-EBB2-4761-8E45-B71ABCCA8C68}.Debug Singlethreaded|x64.Build.0 = Debug|x64
		{81CE8DAF-EBB2-4761-8E45-B71ABCCA8C68}.Debug|Win32.ActiveCfg = Debug|Win32
		{81CE8DAF-EBB2-4761-8E45-B71ABCCA8C68}.Debug|Win32.Build.0 = Debug|Win32
		{81CE8DAF-EBB2-4761-8E45-B71ABCCA8C68}.Debug|x64.ActiveCfg = Debug|x64
		{81CE8DAF-EBB2-4761-8E45-B71ABCCA8C68}.Debug|x64.Build.0 = Debug|x64
		{81CE8DAF-EBB2-4761-8E45-B71ABCCA8C68}.DLL ASM Debug|Win32.ActiveCfg = Debug|Win32
		{81CE8DAF-EBB2-4761-8E45-B71ABCCA8C68}.DLL ASM Debug|Win32.Build.0 = Debug|Win32
		{81CE8DAF-EBB2-4761-8E45-B71ABCCA8C68}.DLL ASM Debug|x64.ActiveCfg = Debug|x64
		{81CE8DAF-EBB2-4761-8E45-B71ABCCA8C68}.DLL ASM Debug|x64.Build.0 = Debug|x64
		{81CE8DAF-EBB2-4761-8E45-B71ABCCA8C68}.DLL ASM Release|Win32.ActiveCfg = Release|Win32
		{81CE8DAF-EBB2-4761-8E45-B71ABCCA8C68}.DLL ASM Release|Win32.Build.0 = Release|Win32
		{81CE8DAF-EBB2-4761-8E45-B71ABCCA8C68}.DLL ASM Release|x64.ActiveCfg = Release|x64
		{81CE8DAF-EBB2-4761-8E45-B71ABCCA8C68}.DLL ASM Release|x64.Build.0 = Release|x64
		{81CE8DAF-EBB2-4761-8E45-B71ABCCA8C68}.DLL Debug|Win32.ActiveCfg = Debug|Win32
		{81CE8DAF-EBB2-4761-8E45-B71ABCCA8C68}.DLL Debug|Win32.Build.0 = Debug|Win32
		{81CE8DAF-EBB2-4761-8E45-B71ABCCA8C68}.DLL Debug|x64.ActiveCfg = Debug|x64
		{81CE8DAF-EBB2-4761-8E45-B71ABCCA8C68}.DLL Debug|x64.Build.0 = Debug|x64
		{81CE8DAF-EBB2-4761-8E45-B71ABCCA8C68}.DLL Release|Win32.ActiveCfg = Release|Win32
		{81CE8DAF-EBB2-4761-8E45-B71ABCCA8C68}.DLL Release|Win32.Build.0 = Release|Win32
		{81CE8DAF-EBB2-4761-8E45-B71ABCCA8C68}.DLL Release|x64.ActiveCfg = Release|x64
		{81CE8DAF-EBB2-4761-8E45-B71ABCCA8C68}.DLL Release|x64.Build.0 = Release|x64
		{81CE8DAF-EBB2-4761-8E45-B71ABCCA8C68}.DLL VB|Win32.ActiveCfg = Debug|x64
		{81CE8DAF-EBB2-4761-8E45-B71ABCCA8C68}.DLL VB|x64.ActiveCfg = Debug|x64
		{81CE8DAF-EBB2-4761-8E45-B71ABCCA8C68}.DLL VB|x64.Build.0 = Debug|x64
		{81CE8DAF-EBB2-4761-8E45-B71ABCCA8C68}.LIB ASM Debug|Win32.ActiveCfg = Debug|Win32
		{81CE8DAF-EBB2-4761-8E45-B71ABCCA8C68}.LIB ASM Debug|Win32.Build.0 = Debug|Win32
		{81CE8DAF-EBB2-4761-8E45-B71ABCCA8C68}.LIB ASM Debug|x64.ActiveCfg = Debug|x64
		{81CE8DAF-EBB2-4761-8E45-B71ABCCA8C68}.LIB ASM Debug|x64.Build.0 = Debug|x64
		{81CE8DAF-EBB2-4761-8E45-B71ABCCA8C68}.LIB ASM Release|Win32.ActiveCfg = Release|Win32
		{81CE8DAF-EBB2-4761-8E45-B71ABCCA8C68}.LIB ASM Release|Win32.Build.0 = Release|Win32
		{81CE8DAF-EBB2-4761-8E45-B71ABCCA8C68}.LIB ASM Release|x64.ActiveCfg = Release|x64
		{81CE8DAF-EBB2-4761-8E45-B71ABCCA8C68}.LIB ASM Release|x64.Build.0 = Release|x64
		{81CE8DAF-EBB2-4761-8E45-B71ABCCA8C68}.LIB Debug|Win32.ActiveCfg = Debug|Win32
		{81CE8DAF-EBB2-4761-8E45-B71ABCCA8C68}.LIB Debug|Win32.Build.0 = Debug|Win32
		{81CE8DAF-EBB2-4761-8E45-B71ABCCA8C68}.LIB Debug|x64.ActiveCfg = Debug|x64
		{81CE8DAF-EBB2-4761-8E45-B71ABCCA8C68}.LIB Debug|x64.Build.0 = Debug|x64
		{81CE8DAF-EBB2-4761-8E45-B71ABCCA8C68}.LIB Release|Win32.ActiveCfg = Release|Win32
		{81CE8DAF-EBB2-4761-8E45-B71ABCCA8C68}.LIB Release|Win32.Build.0 = Release|Win32
		{81CE8DAF-EBB2-4761-8E45-B71ABCCA8C68}.LIB Release|x64.ActiveCfg = Release|x64
		{81CE8DAF-EBB2-4761-8E45-B71ABCCA8C68}.LIB Release|x64.Build.0 = Release|x64
		{81CE8DAF-EBB2-4761-8E45-B71ABCCA8C68}.RD|Win32.ActiveCfg = Release|x64
		{81CE8DAF-EBB2-4761-8E45-B71ABCCA8C68}.RD|x64.ActiveCfg = Release|x64
		{81CE8DAF-EBB2-4761-8E45-B71ABCCA8C68}.RD|x64.Build.0 = Release|x64
		{81CE8DAF-EBB2-4761-8E45-B71ABCCA8C68}.Release Multithreaded|Win32.ActiveCfg = Release|x64
		{81CE8DAF-EBB2-4761-8E45-B71ABCCA8C68}.Release Multithreaded|x64.ActiveCfg = Release|x64
		{81CE8DAF-EBB2-4761-8E45-B71ABCCA8C68}.Release Multithreaded|x64.Build.0 = Release|x64
		{81CE8DAF-EBB2-4761-8E45-B71ABCCA8C68}.Release Singlethreaded|Win32.ActiveCfg = Release|x64
		{81CE8DAF-EBB2-4761-8E45-B71ABCCA8C68}.Release Singlethreaded|x64.ActiveCfg = Release|x64
		{81CE8DAF-EBB2-4761-8E45-B71ABCCA8C68}.Release Singlethreaded|x64.Build.0 = Release|x64
		{81CE8DAF-EBB2-4761-8E45-B71ABCCA8C68}.Release|Win32.ActiveCfg = Release|Win32
		{81CE8DAF-EBB2-4761-8E45-B71ABCCA8C68}.Release|Win32.Build.0 = Release|Win32
		{81CE8DAF-EBB2-4761-8E45-B71ABCCA8C68}.Release|x64.ActiveCfg = Release|x64
		{81CE8DAF-EBB2-4761-8E45-B71ABCCA8C68}.Release|x64.Build.0 = Release|x64
		{81CE8DAF-EBB2-4761-8E45-B71ABCCA8C68}.Template|Win32.ActiveCfg = Release|x64
		{81CE8DAF-EBB2-4761-8E45-B71ABCCA8C68}.Template|x64.ActiveCfg = Release|x64
		{81CE8DAF-EBB2-4761-8E45-B71ABCCA8C68}.Template|x64.Build.0 = Release|x64
		{DA956FD3-E142-46F2-9DD5-C78BEBB56B7A}.Debug Multithreaded|Win32.ActiveCfg = Debug|x64
		{DA956FD3-E142-46F2-9DD5-C78BEBB56B7A}.Debug Multithreaded|x64.ActiveCfg = Debug|x64
		{DA956FD3-E142-46F2-9DD5-C78BEBB56B7A}.Debug Multithreaded|x64.Build.0 = Debug|x64
		{DA956FD3-E142-46F2-9DD5-C78BEBB56B7A}.Debug Singlethreaded|Win32.ActiveCfg = Debug|x64
		{DA956FD3-E142-46F2-9DD5-C78BEBB56B7A}.Debug Singlethreaded|x64.ActiveCfg = Debug|x64
		{DA956FD3-E142-46F2-9DD5-C78BEBB56B7A}.Debug Singlethreaded|x64.Build.0 = Debug|x64
		{DA956FD3-E142-46F2-9DD5-C78BEBB56B7A}.Debug|Win32.ActiveCfg = Debug|Win32
		{DA956FD3-E142-46F2-9DD5-C78BEBB56B7A}.Debug|Win32.Build.0 = Debug|Win32
		{DA956FD3-E142-46F2-9DD5-C78BEBB56B7A}.Debug|x64.ActiveCfg = Debug|x64
		{DA956FD3-E142-46F2-9DD5-C78BEBB56B7A}.Debug|x64.Build.0 = Debug|x64
		{DA956FD3-E142-46F2-9DD5-C78BEBB56B7A}.DLL ASM Debug|Win32.ActiveCfg = Debug|Win32
		{DA956FD3-E142-46F2-9DD5-C78BEBB56B7A}.DLL ASM Debug|Win32.Build.0 = Debug|Win32
		{DA956FD3-E142-46F2-9DD5-C78BEBB56B7A}.DLL ASM Debug|x64.ActiveCfg = Debug|x64
		{DA956FD3-E142-46F2-9DD5-C78BEBB56B7A}.DLL ASM Debug|x64.Build.0 = Debug|x64
		{DA956FD3-E142-46F2-9DD5-C78BEBB56B7A}.DLL ASM Release|Win32.ActiveCfg = Release|Win32
		{DA956FD3-E142-46F2-9DD5-C78BEBB56B7A}.DLL ASM Release|Win32.Build.0 = Release|Win32
		{DA956FD3-E142-46F2-9DD5-C78BEBB56B7A}.DLL ASM Release|x64.ActiveCfg = Release|x64
		{DA956FD3-E142-46F2-9DD5-C78BEBB56B7A}.DLL ASM Release|x64.Build.0 = Release|x64
		{DA956FD3-E142-46F2-9DD5-C78BEBB56B7A}.DLL Debug|Win32.ActiveCfg = Debug|Win32
		{DA956FD3-E142-46F2-9DD5-C78BEBB56B7A}.DLL Debug|Win32.Build.0 = Debug|Win32
		{DA956FD3-E142-46F2-9DD5-C78BEBB56B7A}.DLL Debug|x64.ActiveCfg = Debug|x64
		{DA956FD3-E142-46F2-9DD5-C78BEBB56B7A}.DLL Debug|x64.Build.0 = Debug|x64
		{DA956FD3-E142-46F2-9DD5-C78BEBB56B7A}.DLL Release|Win32.ActiveCfg = Release|Win32
		{DA956FD3-E142-46F2-9DD5-C78BEBB56B7A}.DLL Release|Win32.Build.0 = Release|Win32
		{DA956FD3-E142-46F2-9DD5-C78BEBB56B7A}.DLL Release|x64.ActiveCfg = Release|x64
		{DA956FD3-E142-46F2-9DD5-C78BEBB56B7A}.DLL Release|x64.Build.0 = Release|x64
		{DA956FD3-E142-46F2-9DD5-C78BEBB56B7A}.DLL VB|Win32.ActiveCfg = Debug|x64
		{DA956FD3-E142-46F2-9DD5-C78BEBB56B7A}.DLL VB|x64.ActiveCfg = Debug|x64
		{DA956FD3-E142-46F2-9DD5-C78BEBB56B7A}.DLL VB|x64.Build.0 = Debug|x64
		{DA956FD3-E142-46F2-9DD5-C78BEBB56B7A}.LIB ASM Debug|Win32.ActiveCfg = Debug|Win32
		{DA956FD3-E142-46F2-9DD5-C78BEBB56B7A}.LIB ASM Debug|Win32.Build.0 = Debug|Win32
		{DA956FD3-E142-46F2-9DD5-C78BEBB56B7A}.LIB ASM Debug|x64.ActiveCfg = Debug|x64
		{DA956FD3-E142-46F2-9DD5-C78BEBB56B7A}.LIB ASM Debug|x64.Build.0 = Debug|x64
		{DA956FD3-E142-46F2-9DD5-C78BEBB56B7A}.LIB ASM Release|Win32.ActiveCfg = Release|Win32
		{DA956FD3-E142-46F2-9DD5-C78BEBB56B7A}.LIB ASM Release|Win32.Build.0 = Release|Win32
		{DA956FD3-E142-46F2-9DD5-C78BEBB56B7A}.LIB ASM Release|x64.ActiveCfg = Release|x64
		{DA956FD3-E142-46F2-9DD5-C78BEBB56B7A}.LIB ASM Release|x64.Build.0 = Release|x64
		{DA956FD3-E142-46F2-9DD5-C78BEBB56B7A}.LIB Debug|Win32.ActiveCfg = Debug|Win32
		{DA956FD3-E142-46F2-9DD5-C78BEBB56B7A}.LIB Debug|Win32.Build.0 = Debug|Win32
		{DA956FD3-E142-46F2-9DD5-C78BEBB56B7A}.LIB Debug|x64.ActiveCfg = Debug|x64
		{DA956FD3-E142-46F2-9DD5-C78BEBB56B7A}.LIB Debug|x64.Build.0 = Debug|x64
		{DA956FD3-E142-46F2-9DD5-C78BEBB56B7A}.LIB Release|Win32.ActiveCfg = Release|Win32
		{DA956FD3-E142-46F2-9DD5-C78BEBB56B7A}.LIB Release|Win32.Build.0 = Release|Win32
		{DA956FD3-E142-46F2-9DD5-C78BEBB56B7A}.LIB Release|x64.ActiveCfg = Release|x64
		{DA956FD3-E142-46F2-9DD5-C78BEBB56B7A}.LIB Release|x64.Build.0 = Release|x64
		{DA956FD3-E142-46F2-9DD5-C78BEBB56B7A}.RD|Win32.ActiveCfg = Release|x64
		{DA956FD3-E142-46F2-9DD5-C78BEBB56B7A}.RD|x64.ActiveCfg = Release|x64
		{DA956FD3-E142-46F2-9DD5-C78BEBB56B7A}.RD|x64.Build.0 = Release|x64
		{DA956FD3-E142-46F2-9DD5-C78BEBB56B7A}.Release Multithreaded|Win32.ActiveCfg = Release|x64
		{DA956FD3-E142-46F2-9DD5-C78BEBB56B7A}.Release Multithreaded|x64.ActiveCfg = Release|x64
		{DA956FD3-E142-46F2-9DD5-C78BEBB56B7A}.Release Multithreaded|x64.Build.0 = Release|x64
		{DA956FD3-E142-46F2-9DD5-C78BEBB56B7A}.Release Singlethreaded|Win32.ActiveCfg = Release|x64
		{DA956FD3-E142-46F2-9DD5-C78BEBB56B7A}.Release Singlethreaded|x64.ActiveCfg = Release|x64
		{DA956FD3-E142-46F2-9DD5-C78BEBB56B7A}.Release Singlethreaded|x64.Build.0 = Release|x64
		{DA956FD3-E142-46F2-9DD5-C78BEBB56B7A}.Release|Win32.ActiveCfg = Release|Win32
		{DA956FD3-E142-46F2-9DD5-C78BEBB56B7A}.Release|Win32.Build.0 = Release|Win32
		{DA956FD3-E142-46F2-9DD5-C78BEBB56B7A}.Release|x64.ActiveCfg = Release|x64
		{DA956FD3-E142-46F2-9DD5-C78BEBB56B7A}.Release|x64.Build.0 = Release|x64
		{DA956FD3-E142-46F2-9DD5-C78BEBB56B7A}.Template|Win32.ActiveCfg = Release|x64
		{DA956FD3-E142-46F2-9DD5-C78BEBB56B7A}.Template|x64.ActiveCfg = Release|x64
		{DA956FD3-E142-46F2-9DD5-C78BEBB56B7A}.Template|x64.Build.0 = Release|x64
		{2BD5534E-00E2-4BEA-AC96-D9A92EA24696}.Debug Multithreaded|Win32.ActiveCfg = Debug|x64
		{2BD5534E-00E2-4BEA-AC96-D9A92EA24696}.Debug Multithreaded|x64.ActiveCfg = Debug|x64
		{2BD5534E-00E2-4BEA-AC96-D9A92EA24696}.Debug Multithreaded|x64.Build.0 = Debug|x64
		{2BD5534E-00E2-4BEA-AC96-D9A92EA24696}.Debug Singlethreaded|Win32.ActiveCfg = Debug|x64
		{2BD5534E-00E2-4BEA-AC96-D9A92EA24696}.Debug Singlethreaded|x64.ActiveCfg = Debug|x64
		{2BD5534E-00E2-4BEA-AC96-D9A92EA24696}.Debug Singlethreaded|x64.Build.0 = Debug|x64
		{2BD5534E-00E2-4BEA-AC96-D9A92EA24696}.Debug|Win32.ActiveCfg = Debug|Win32
		{2BD5534E-00E2-4BEA-AC96-D9A92EA24696}.Debug|Win32.Build.0 = Debug|Win32
		{2BD5534E-00E2-4BEA-AC96-D9A92EA24696}.Debug|x64.ActiveCfg = Debug|x64
		{2BD5534E-00E2-4BEA-AC96-D9A92EA24696}.Debug|x64.Build.0 = Debug|x64
		{2BD5534E-00E2-4BEA-AC96-D9A92EA24696}.DLL ASM Debug|Win32.ActiveCfg = Debug|Win32
		{2BD5534E-00E2-4BEA-AC96-D9A92EA24696}.DLL ASM Debug|Win32.Build.0 = Debug|Win32
		{2BD5534E-00E2-4BEA-AC96-D9A92EA24696}.DLL ASM Debug|x64.ActiveCfg = Debug|x64
		{2BD5534E-00E2-4BEA-AC96-D9A92EA24696}.DLL ASM Debug|x64.Build.0 = Debug|x64
		{2BD5534E-00E2-4BEA-AC96-D9A92EA24696}.DLL ASM Release|Win32.ActiveCfg = Release|Win32
		{2BD5534E-00E2-4BEA-AC96-D9A92EA24696}.DLL ASM Release|Win32.Build.0 = Release|Win32
		{2BD5534E-00E2-4BEA-AC96-D9A92EA24696}.DLL ASM Release|x64.ActiveCfg = Release|x64
		{2BD5534E-00E2-4BEA-AC96-D9A92EA24696}.DLL ASM Release|x64.Build.0 = Release|x64
		{2BD5534E-00E2-4BEA-AC96-D9A92EA24696}.DLL Debug|Win32.ActiveCfg = Debug|Win32
		{2BD5534E-00E2-4BEA-AC96-D9A92EA24696}.DLL Debug|Win32.Build.0 = Debug|Win32
		{2BD5534E-00E2-4BEA-AC96-D9A92EA24696}.DLL Debug|x64.ActiveCfg = Debug|x64
		{2BD5534E-00E2-4BEA-AC96-D9A92EA24696}.DLL Debug|x64.Build.0 = Debug|x64
		{2BD5534E-00E2-4BEA-AC96-D9A92EA24696}.DLL Release|Win32.ActiveCfg = Release|Win32
		{2BD5534E-00E2-4BEA-AC96-D9A92EA24696}.DLL Release|Win32.Build.0 = Release|Win32
		{2BD5534E-00E2-4BEA-AC96-D9A92EA24696}.DLL Release|x64.ActiveCfg = Release|x64
		{2BD5534E-00E2-4BEA-AC96-D9A92EA24696}.DLL Release|x64.Build.0 = Release|x64
		{2BD5534E-00E2-4BEA-AC96-D9A92EA24696}.DLL VB|Win32.ActiveCfg = Debug|x64
		{2BD5534E-00E2-4BEA-AC96-D9A92EA24696}.DLL VB|x64.ActiveCfg = Debug|x64
		{2BD5534E-00E2-4BEA-AC96-D9A92EA24696}.DLL VB|x64.Build.0 = Debug|x64
		{2BD5534E-00E2-4BEA-AC96-D9A92EA24696}.LIB ASM Debug|Win32.ActiveCfg = Debug|Win32
		{2BD5534E-00E2-4BEA-AC96-D9A92EA24696}.LIB ASM Debug|Win32.Build.0 = Debug|Win32
		{2BD5534E-00E2-4BEA-AC96-D9A92EA24696}.LIB ASM Debug|x64.ActiveCfg = Debug|x64
		{2BD5534E-00E2-4BEA-AC96-D9A92EA24696}.LIB ASM Debug|x64.Build.0 = Debug|x64
		{2BD5534E-00E2-4BEA-AC96-D9A92EA24696}.LIB ASM Release|Win32.ActiveCfg = Release|Win32
		{2BD5534E-00E2-4BEA-AC96-D9A92EA24696}.LIB ASM Release|Win32.Build.0 = Release|Win32
		{2BD5534E-00E2-4BEA-AC96-D9A92EA24696}.LIB ASM Release|x64.ActiveCfg = Release|x64
		{2BD5534E-00E2-4BEA-AC96-D9A92EA24696}.LIB ASM Release|x64.Build.0 = Release|x64
		{2BD5534E-00E2-4BEA-AC96-D9A92EA24696}.LIB Debug|Win32.ActiveCfg = Debug|Win32
		{2BD5534E-00E2-4BEA-AC96-D9A92EA24696}.LIB Debug|Win32.Build.0 = Debug|Win32
		{2BD5534E-00E2-4BEA-AC96-D9A92EA24696}.LIB Debug|x64.ActiveCfg = Debug|x64
		{2BD5534E-00E2-4BEA-AC96-D9A92EA24696}.LIB Debug|x64.Build.0 = Debug|x64
		{2BD5534E-00E2-4BEA-AC96-D9A92EA24696}.LIB Release|Win32.ActiveCfg = Release|Win32
		{2BD5534E-00E2-4BEA-AC96-D9A92EA24696}.LIB Release|Win32.Build.0 = Release|Win32
		{2BD5534E-00E2-4BEA-AC96-D9A92EA24696}.LIB Release|x64.ActiveCfg = Release|x64
		{2BD5534E-00E2-4BEA-AC96-D9A92EA24696}.LIB Release|x64.Build.0 = Release|x64
		{2BD5534E-00E2-4BEA-AC96-D9A92EA24696}.RD|Win32.ActiveCfg = Release|x64
		{2BD5534E-00E2-4BEA-AC96-D9A92EA24696}.RD|x64.ActiveCfg = Release|x64
		{2BD5534E-00E2-4BEA-AC96-D9A92EA24696}.RD|x64.Build.0 = Release|x64
		{2BD5534E-00E2-4BEA-AC96-D9A92EA24696}.Release Multithreaded|Win32.ActiveCfg = Release|x64
		{2BD5534E-00E2-4BEA-AC96-D9A92EA24696}.Release Multithreaded|x64.ActiveCfg = Release|x64
		{2BD5534E-00E2-4BEA-AC96-D9A92EA24696}.Release Multithreaded|x64.Build.0 = Release|x64
		{2BD5534E-00E2-4BEA-AC96-D9A92EA24696}.Release Singlethreaded|Win32.ActiveCfg = Release|x64
		{2BD5534E-00E2-4BEA-AC96-D9A92EA24696}.Release Singlethreaded|x64.ActiveCfg = Release|x64
		{2BD5534E-00E2-4BEA-AC96-D9A92EA24696}.Release Singlethreaded|x64.Build.0 = Release|x64
		{2BD5534E-00E2-4BEA-AC96-D9A92EA24696}.Release|Win32.ActiveCfg = Release|Win32
		{2BD5534E-00E2-4BEA-AC96-D9A92EA24696}.Release|Win32.Build.0 = Release|Win32
		{2BD5534E-00E2-4BEA-AC96-D9A92EA24696}.Release|x64.ActiveCfg = Release|x64
		{2BD5534E-00E2-4BEA-AC96-D9A92EA24696}.Release|x64.Build.0 = Release|x64
		{2BD5534E-00E2-4BEA-AC96-D9A92EA24696}.Template|Win32.ActiveCfg = Release|x64
		{2BD5534E-00E2-4BEA-AC96-D9A92EA24696}.Template|x64.ActiveCfg = Release|x64
		{2BD5534E-00E2-4BEA-AC96-D9A92EA24696}.Template|x64.Build.0 = Release|x64
		{F7E944B3-0815-40CD-B3E4-90B2A15B0E33}.Debug Multithreaded|Win32.ActiveCfg = Debug|x64
		{F7E944B3-0815-40CD-B3E4-90B2A15B0E33}.Debug Multithreaded|x64.ActiveCfg = Debug|x64
		{F7E944B3-0815-40CD-B3E4-90B2A15B0E33}.Debug Multithreaded|x64.Build.0 = Debug|x64
		{F7E944B3-0815-40CD-B3E4-90B2A15B0E33}.Debug Singlethreaded|Win32.ActiveCfg = Debug|x64
		{F7E944B3-0815-40CD-B3E4-90B2A15B0E33}.Debug Singlethreaded|x64.ActiveCfg = Debug|x64
		{F7E944B3-0815-40CD-B3E4-90B2A15B0E33}.Debug Singlethreaded|x64.Build.0 = Debug|x64
		{F7E944B3-0815-40CD-B3E4-90B2A15B0E33}.Debug|Win32.ActiveCfg = Debug|Win32
		{F7E944B3-0815-40CD-B3E4-90B2A15B0E33}.Debug|Win32.Build.0 = Debug|Win32
		{F7E944B3-0815-40CD-B3E4-90B2A15B0E33}.Debug|x64.ActiveCfg = Debug|x64
		{F7E944B3-0815-40CD-B3E4-90B2A15B0E33}.Debug|x64.Build.0 = Debug|x64
		{F7E944B3-0815-40CD-B3E4-90B2A15B0E33}.DLL ASM Debug|Win32.ActiveCfg = Debug|Win32
		{F7E944B3-0815-40CD-B3E4-90B2A15B0E33}.DLL ASM Debug|Win32.Build.0 = Debug|Win32
		{F7E944B3-0815-40CD-B3E4-90B2A15B0E33}.DLL ASM Debug|x64.ActiveCfg = Debug|x64
		{F7E944B3-0815-40CD-B3E4-90B2A15B0E33}.DLL ASM Debug|x64.Build.0 = Debug|x64
		{F7E944B3-0815-40CD-B3E4-90B2A15B0E33}.DLL ASM Release|Win32.ActiveCfg = Release|Win32
		{F7E944B3-0815-40CD-B3E4-90B2A15B0E33}.DLL ASM Release|Win32.Build.0 = Release|Win32
		{F7E944B3-0815-40CD-B3E4-90B2A15B0E33}.DLL ASM Release|x64.ActiveCfg = Release|x64
		{F7E944B3-0815-40CD-B3E4-90B2A15B0E33}.DLL ASM Release|x64.Build.0 = Release|x64
		{F7E944B3-0815-40CD-B3E4-90B2A15B0E33}.DLL Debug|Win32.ActiveCfg = Debug|Win32
		{F7E944B3-0815-40CD-B3E4-90B2A15B0E33}.DLL Debug|Win32.Build.0 = Debug|Win32
		{F7E944B3-0815-40CD-B3E4-90B2A15B0E33}.DLL Debug|x64.ActiveCfg = Debug|x64
		{F7E944B3-0815-40CD-B3E4-90B2A15B0E33}.DLL Debug|x64.Build.0 = Debug|x64
		{F7E944B3-0815-40CD-B3E4-90B2A15B0E33}.DLL Release|Win32.ActiveCfg = Release|Win32
		{F7E944B3-0815-40CD-B3E4-90B2A15B0E33}.DLL Release|Win32.Build.0 = Release|Win32
		{F7E944B3-0815-40CD-B3E4-90B2A15B0E33}.DLL Release|x64.ActiveCfg = Release|x64
		{F7E944B3-0815-40CD-B3E4-90B2A15B0E33}.DLL Release|x64.Build.0 = Release|x64
		{F7E944B3-0815-40CD-B3E4-90B2A15B0E33}.DLL VB|Win32.ActiveCfg = Debug|x64
		{F7E944B3-0815-40CD-B3E4-90B2A15B0E33}.DLL VB|x64.ActiveCfg = Debug|x64
		{F7E944B3-0815-40CD-B3E4-90B2A15B0E33}.DLL VB|x64.Build.0 = Debug|x64
		{F7E944B3-0815-40CD-B3E4-90B2A15B0E33}.LIB ASM Debug|Win32.ActiveCfg = Debug|Win32
		{F7E944B3-0815-40CD-B3E4-90B2A15B0E33}.LIB ASM Debug|Win32.Build.0 = Debug|Win32
		{F7E944B3-0815-40CD-B3E4-90B2A15B0E33}.LIB ASM Debug|x64.ActiveCfg = Debug|x64
		{F7E944B3-0815-40CD-B3E4-90B2A15B0E33}.LIB ASM Debug|x64.Build.0 = Debug|x64
		{F7E944B3-0815-40CD-B3E4-90B2A15B0E33}.LIB ASM Release|Win32.ActiveCfg = Release|Win32
		{F7E944B3-0815-40CD-B3E4-90B2A15B0E33}.LIB ASM Release|Win32.Build.0 = Release|Win32
		{F7E944B3-0815-40CD-B3E4-90B2A15B0E33}.LIB ASM Release|x64.ActiveCfg = Release|x64
		{F7E944B3-0815-40CD-B3E4-90B2A15B0E33}.LIB ASM Release|x64.Build.0 = Release|x64
		{F7E944B3-0815-40CD-B3E4-90B2A15B0E33}.LIB Debug|Win32.ActiveCfg = Debug|Win32
		{F7E944B3-0815-40CD-B3E4-90B2A15B0E33}.LIB Debug|Win32.Build.0 = Debug|Win32
		{F7E944B3-0815-40CD-B3E4-90B2A15B0E33}.LIB Debug|x64.ActiveCfg = Debug|x64
		{F7E944B3-0815-40CD-B3E4-90B2A15B0E33}.LIB Debug|x64.Build.0 = Debug|x64
		{F7E944B3-0815-40CD-B3E4-90B2A15B0E33}.LIB Release|Win32.ActiveCfg = Release|Win32
		{F7E944B3-0815-40CD-B3E4-90B2A15B0E33}.LIB Release|Win32.Build.0 = Release|Win32
		{F7E944B3-0815-40CD-B3E4-90B2A15B0E33}.LIB Release|x64.ActiveCfg = Release|x64
		{F7E944B3-0815-40CD-B3E4-90B2A15B0E33}.LIB Release|x64.Build.0 = Release|x64
		{F7E944B3-0815-40CD-B3E4-90B2A15B0E33}.RD|Win32.ActiveCfg = Release|x64
		{F7E944B3-0815-40CD-B3E4-90B2A15B0E33}.RD|x64.ActiveCfg = Release|x64
		{F7E944B3-0815-40CD-B3E4-90B2A15B0E33}.RD|x64.Build.0 = Release|x64
		{F7E944B3-0815-40CD-B3E4-90B2A15B0E33}.Release Multithreaded|Win32.ActiveCfg = Release|x64
		{F7E944B3-0815-40CD-B3E4-90B2A15B0E33}.Release Multithreaded|x64.ActiveCfg = Release|x64
		{F7E944B3-0815-40CD-B3E4-90B2A15B0E33}.Release Multithreaded|x64.Build.0 = Release|x64
		{F7E944B3-0815-40CD-B3E4-90B2A15B0E33}.Release Singlethreaded|Win32.ActiveCfg = Release|x64
		{F7E944B3-0815-40CD-B3E4-90B2A15B0E33}.Release Singlethreaded|x64.ActiveCfg = Release|x64
		{F7E944B3-0815-40CD-B3E4-90B2A15B0E33}.Release Singlethreaded|x64.Build.0 = Release|x64
		{F7E944B3-0815-40CD-B3E4-90B2A15B0E33}.Release|Win32.ActiveCfg = Release|Win32
		{F7E944B3-0815-40CD-B3E4-90B2A15B0E33}.Release|Win32.Build.0 = Release|Win32
		{F7E944B3-0815-40CD-B3E4-90B2A15B0E33}.Release|x64.ActiveCfg = Release|x64
		{F7E944B3-0815-40CD-B3E4-90B2A15B0E33}.Release|x64.Build.0 = Release|x64
		{F7E944B3-0815-40CD-B3E4-90B2A15B0E33}.Template|Win32.ActiveCfg = Release|x64
		{F7E944B3-0815-40CD-B3E4-90B2A15B0E33}.Template|x64.ActiveCfg = Release|x64
		{F7E944B3-0815-40CD-B3E4-90B2A15B0E33}.Template|x64.Build.0 = Release|x64
		{BAD4A058-C6AC-2C3A-D1CD-D120813C352B}.Debug Multithreaded|Win32.ActiveCfg = DLL VB|Win32
		{BAD4A058-C6AC-2C3A-D1CD-D120813C352B}.Debug Multithreaded|Win32.Build.0 = DLL VB|Win32
		{BAD4A058-C6AC-2C3A-D1CD-D120813C352B}.Debug Multithreaded|x64.ActiveCfg = DLL VB|Win32
		{BAD4A058-C6AC-2C3A-D1CD-D120813C352B}.Debug Singlethreaded|Win32.ActiveCfg = DLL VB|Win32
		{BAD4A058-C6AC-2C3A-D1CD-D120813C352B}.Debug Singlethreaded|Win32.Build.0 = DLL VB|Win32
		{BAD4A058-C6AC-2C3A-D1CD-D120813C352B}.Debug Singlethreaded|x64.ActiveCfg = DLL VB|Win32
		{BAD4A058-C6AC-2C3A-D1CD-D120813C352B}.Debug|Win32.ActiveCfg = LIB Debug|Win32
		{BAD4A058-C6AC-2C3A-D1CD-D120813C352B}.Debug|Win32.Build.0 = LIB Debug|Win32
		{BAD4A058-C6AC-2C3A-D1CD-D120813C352B}.Debug|x64.ActiveCfg = DLL VB|Win32
		{BAD4A058-C6AC-2C3A-D1CD-D120813C352B}.DLL ASM Debug|Win32.ActiveCfg = DLL ASM Debug|Win32
		{BAD4A058-C6AC-2C3A-D1CD-D120813C352B}.DLL ASM Debug|Win32.Build.0 = DLL ASM Debug|Win32
		{BAD4A058-C6AC-2C3A-D1CD-D120813C352B}.DLL ASM Debug|x64.ActiveCfg = DLL ASM Debug|Win32
		{BAD4A058-C6AC-2C3A-D1CD-D120813C352B}.DLL ASM Release|Win32.ActiveCfg = DLL ASM Release|Win32
		{BAD4A058-C6AC-2C3A-D1CD-D120813C352B}.DLL ASM Release|Win32.Build.0 = DLL ASM Release|Win32
		{BAD4A058-C6AC-2C3A-D1CD-D120813C352B}.DLL ASM Release|x64.ActiveCfg = DLL ASM Release|Win32
		{BAD4A058-C6AC-2C3A-D1CD-D120813C352B}.DLL Debug|Win32.ActiveCfg = DLL Debug|Win32
		{BAD4A058-C6AC-2C3A-D1CD-D120813C352B}.DLL Debug|Win32.Build.0 = DLL Debug|Win32
		{BAD4A058-C6AC-2C3A-D1CD-D120813C352B}.DLL Debug|x64.ActiveCfg = DLL Debug|Win32
		{BAD4A058-C6AC-2C3A-D1CD-D120813C352B}.DLL Release|Win32.ActiveCfg = DLL Release|Win32
		{BAD4A058-C6AC-2C3A-D1CD-D120813C352B}.DLL Release|Win32.Build.0 = DLL Release|Win32
		{BAD4A058-C6AC-2C3A-D1CD-D120813C352B}.DLL Release|x64.ActiveCfg = DLL Release|Win32
		{BAD4A058-C6AC-2C3A-D1CD-D120813C352B}.DLL VB|Win32.ActiveCfg = DLL VB|Win32
		{BAD4A058-C6AC-2C3A-D1CD-D120813C352B}.DLL VB|Win32.Build.0 = DLL VB|Win32
		{BAD4A058-C6AC-2C3A-D1CD-D120813C352B}.DLL VB|x64.ActiveCfg = DLL VB|Win32
		{BAD4A058-C6AC-2C3A-D1CD-D120813C352B}.LIB ASM Debug|Win32.ActiveCfg = LIB ASM Debug|Win32
		{BAD4A058-C6AC-2C3A-D1CD-D120813C352B}.LIB ASM Debug|Win32.Build.0 = LIB ASM Debug|Win32
		{BAD4A058-C6AC-2C3A-D1CD-D120813C352B}.LIB ASM Debug|x64.ActiveCfg = LIB ASM Debug|Win32
		{BAD4A058-C6AC-2C3A-D1CD-D120813C352B}.LIB ASM Release|Win32.ActiveCfg = LIB ASM Release|Win32
		{BAD4A058-C6AC-2C3A-D1CD-D120813C352B}.LIB ASM Release|Win32.Build.0 = LIB ASM Release|Win32
		{BAD4A058-C6AC-2C3A-D1CD-D120813C352B}.LIB ASM Release|x64.ActiveCfg = LIB ASM Release|Win32
		{BAD4A058-C6AC-2C3A-D1CD-D120813C352B}.LIB Debug|Win32.ActiveCfg = LIB Debug|Win32
		{BAD4A058-C6AC-2C3A-D1CD-D120813C352B}.LIB Debug|Win32.Build.0 = LIB Debug|Win32
		{BAD4A058-C6AC-2C3A-D1CD-D120813C352B}.LIB Debug|x64.ActiveCfg = LIB Debug|Win32
		{BAD4A058-C6AC-2C3A-D1CD-D120813C352B}.LIB Release|Win32.ActiveCfg = LIB Release|Win32
		{BAD4A058-C6AC-2C3A-D1CD-D120813C352B}.LIB Release|Win32.Build.0 = LIB Release|Win32
		{BAD4A058-C6AC-2C3A-D1CD-D120813C352B}.LIB Release|x64.ActiveCfg = LIB Release|Win32
		{BAD4A058-C6AC-2C3A-D1CD-D120813C352B}.RD|Win32.ActiveCfg = LIB Release|Win32
		{BAD4A058-C6AC-2C3A-D1CD-D120813C352B}.RD|Win32.Build.0 = LIB Release|Win32
		{BAD4A058-C6AC-2C3A-D1CD-D120813C352B}.RD|x64.ActiveCfg = LIB Release|Win32
		{BAD4A058-C6AC-2C3A-D1CD-D120813C352B}.Release Multithreaded|Win32.ActiveCfg = LIB Release|Win32
		{BAD4A058-C6AC-2C3A-D1CD-D120813C352B}.Release Multithreaded|Win32.Build.0 = LIB Release|Win32
		{BAD4A058-C6AC-2C3A-D1CD-D120813C352B}.Release Multithreaded|x64.ActiveCfg = LIB Release|Win32
		{BAD4A058-C6AC-2C3A-D1CD-D120813C352B}.Release Singlethreaded|Win32.ActiveCfg = LIB Release|Win32
		{BAD4A058-C6AC-2C3A-D1CD-D120813C352B}.Release Singlethreaded|Win32.Build.0 = LIB Release|Win32
		{BAD4A058-C6AC-2C3A-D1CD-D120813C352B}.Release Singlethreaded|x64.ActiveCfg = LIB Release|Win32
		{BAD4A058-C6AC-2C3A-D1CD-D120813C352B}.Release|Win32.ActiveCfg = LIB Release|Win32
		{BAD4A058-C6AC-2C3A-D1CD-D120813C352B}.Release|Win32.Build.0 = LIB Release|Win32
		{BAD4A058-C6AC-2C3A-D1CD-D120813C352B}.Release|x64.ActiveCfg = LIB Release|Win32
		{BAD4A058-C6AC-2C3A-D1CD-D120813C352B}.Template|Win32.ActiveCfg = LIB Release|Win32
		{BAD4A058-C6AC-2C3A-D1CD-D120813C352B}.Template|Win32.Build.0 = LIB Release|Win32
		{BAD4A058-C6AC-2C3A-D1CD-D120813C352B}.Template|x64.ActiveCfg = LIB Release|Win32
		{F3D79999-0E19-0D24-99B6-CB1AC1555FE8}.Debug Multithreaded|Win32.ActiveCfg = DLL Release|Win32
		{F3D79999-0E19-0D24-99B6-CB1AC1555FE8}.Debug Multithreaded|Win32.Build.0 = DLL Release|Win32
		{F3D79999-0E19-0D24-99B6-CB1AC1555FE8}.Debug Multithreaded|x64.ActiveCfg = DLL Release|Win32
		{F3D79999-0E19-0D24-99B6-CB1AC1555FE8}.Debug Singlethreaded|Win32.ActiveCfg = DLL Release|Win32
		{F3D79999-0E19-0D24-99B6-CB1AC1555FE8}.Debug Singlethreaded|Win32.Build.0 = DLL Release|Win32
		{F3D79999-0E19-0D24-99B6-CB1AC1555FE8}.Debug Singlethreaded|x64.ActiveCfg = DLL Release|Win32
		{F3D79999-0E19-0D24-99B6-CB1AC1555FE8}.Debug|Win32.ActiveCfg = LIB Debug|Win32
		{F3D79999-0E19-0D24-99B6-CB1AC1555FE8}.Debug|Win32.Build.0 = LIB Debug|Win32
		{F3D79999-0E19-0D24-99B6-CB1AC1555FE8}.Debug|x64.ActiveCfg = DLL Release|Win32
		{F3D79999-0E19-0D24-99B6-CB1AC1555FE8}.DLL ASM Debug|Win32.ActiveCfg = DLL ASM Debug|Win32
		{F3D79999-0E19-0D24-99B6-CB1AC1555FE8}.DLL ASM Debug|Win32.Build.0 = DLL ASM Debug|Win32
		{F3D79999-0E19-0D24-99B6-CB1AC1555FE8}.DLL ASM Debug|x64.ActiveCfg = DLL ASM Debug|Win32
		{F3D79999-0E19-0D24-99B6-CB1AC1555FE8}.DLL ASM Release|Win32.ActiveCfg = DLL ASM Release|Win32
		{F3D79999-0E19-0D24-99B6-CB1AC1555FE8}.DLL ASM Release|Win32.Build.0 = DLL ASM Release|Win32
		{F3D79999-0E19-0D24-99B6-CB1AC1555FE8}.DLL ASM Release|x64.ActiveCfg = DLL ASM Release|Win32
		{F3D79999-0E19-0D24-99B6-CB1AC1555FE8}.DLL Debug|Win32.ActiveCfg = DLL Debug|Win32
		{F3D79999-0E19-0D24-99B6-CB1AC1555FE8}.DLL Debug|Win32.Build.0 = DLL Debug|Win32
		{F3D79999-0E19-0D24-99B6-CB1AC1555FE8}.DLL Debug|x64.ActiveCfg = DLL Debug|Win32
		{F3D79999-0E19-0D24-99B6-CB1AC1555FE8}.DLL Release|Win32.ActiveCfg = DLL Release|Win32
		{F3D79999-0E19-0D24-99B6-CB1AC1555FE8}.DLL Release|Win32.Build.0 = DLL Release|Win32
		{F3D79999-0E19-0D24-99B6-CB1AC1555FE8}.DLL Release|x64.ActiveCfg = DLL Release|Win32
		{F3D79999-0E19-0D24-99B6-CB1AC1555FE8}.DLL VB|Win32.ActiveCfg = DLL Release|Win32
		{F3D79999-0E19-0D24-99B6-CB1AC1555FE8}.DLL VB|Win32.Build.0 = DLL Release|Win32
		{F3D79999-0E19-0D24-99B6-CB1AC1555FE8}.DLL VB|x64.ActiveCfg = DLL Release|Win32
		{F3D79999-0E19-0D24-99B6-CB1AC1555FE8}.LIB ASM Debug|Win32.ActiveCfg = LIB ASM Debug|Win32
		{F3D79999-0E19-0D24-99B6-CB1AC1555FE8}.LIB ASM Debug|Win32.Build.0 = LIB ASM Debug|Win32
		{F3D79999-0E19-0D24-99B6-CB1AC1555FE8}.LIB ASM Debug|x64.ActiveCfg = LIB ASM Debug|Win32
		{F3D79999-0E19-0D24-99B6-CB1AC1555FE8}.LIB ASM Release|Win32.ActiveCfg = LIB ASM Release|Win32
		{F3D79999-0E19-0D24-99B6-CB1AC1555FE8}.LIB ASM Release|Win32.Build.0 = LIB ASM Release|Win32
		{F3D79999-0E19-0D24-99B6-CB1AC1555FE8}.LIB ASM Release|x64.ActiveCfg = LIB ASM Release|Win32
		{F3D79999-0E19-0D24-99B6-CB1AC1555FE8}.LIB Debug|Win32.ActiveCfg = LIB Debug|Win32
		{F3D79999-0E19-0D24-99B6-CB1AC1555FE8}.LIB Debug|Win32.Build.0 = LIB Debug|Win32
		{F3D79999-0E19-0D24-99B6-CB1AC1555FE8}.LIB Debug|x64.ActiveCfg = LIB Debug|Win32
		{F3D79999-0E19-0D24-99B6-CB1AC1555FE8}.LIB Release|Win32.ActiveCfg = LIB Release|Win32
		{F3D79999-0E19-0D24-99B6-CB1AC1555FE8}.LIB Release|Win32.Build.0 = LIB Release|Win32
		{F3D79999-0E19-0D24-99B6-CB1AC1555FE8}.LIB Release|x64.ActiveCfg = LIB Release|Win32
		{F3D79999-0E19-0D24-99B6-CB1AC1555FE8}.RD|Win32.ActiveCfg = Template|Win32
		{F3D79999-0E19-0D24-99B6-CB1AC1555FE8}.RD|Win32.Build.0 = Template|Win32
		{F3D79999-0E19-0D24-99B6-CB1AC1555FE8}.RD|x64.ActiveCfg = Template|Win32
		{F3D79999-0E19-0D24-99B6-CB1AC1555FE8}.Release Multithreaded|Win32.ActiveCfg = Template|Win32
		{F3D79999-0E19-0D24-99B6-CB1AC1555FE8}.Release Multithreaded|Win32.Build.0 = Template|Win32
		{F3D79999-0E19-0D24-99B6-CB1AC1555FE8}.Release Multithreaded|x64.ActiveCfg = Template|Win32
		{F3D79999-0E19-0D24-99B6-CB1AC1555FE8}.Release Singlethreaded|Win32.ActiveCfg = Template|Win32
		{F3D79999-0E19-0D24-99B6-CB1AC1555FE8}.Release Singlethreaded|Win32.Build.0 = Template|Win32
		{F3D79999-0E19-0D24-99B6-CB1AC1555FE8}.Release Singlethreaded|x64.ActiveCfg = Template|Win32
		{F3D79999-0E19-0D24-99B6-CB1AC1555FE8}.Release|Win32.ActiveCfg = LIB Release|Win32
		{F3D79999-0E19-0D24-99B6-CB1AC1555FE8}.Release|Win32.Build.0 = LIB Release|Win32
		{F3D79999-0E19-0D24-99B6-CB1AC1555FE8}.Release|x64.ActiveCfg = Template|Win32
		{F3D79999-0E19-0D24-99B6-CB1AC1555FE8}.Template|Win32.ActiveCfg = Template|Win32
		{F3D79999-0E19-0D24-99B6-CB1AC1555FE8}.Template|Win32.Build.0 = Template|Win32
		{F3D79999-0E19-0D24-99B6-CB1AC1555FE8}.Template|x64.ActiveCfg = Template|Win32
		{DDDBD07D-DC76-4AF6-8D02-3E2DEB6EE255}.Debug Multithreaded|Win32.ActiveCfg = Debug|x64
		{DDDBD07D-DC76-4AF6-8D02-3E2DEB6EE255}.Debug Multithreaded|x64.ActiveCfg = Debug|x64
		{DDDBD07D-DC76-4AF6-8D02-3E2DEB6EE255}.Debug Multithreaded|x64.Build.0 = Debug|x64
		{DDDBD07D-DC76-4AF6-8D02-3E2DEB6EE255}.Debug Singlethreaded|Win32.ActiveCfg = Debug|x64
		{DDDBD07D-DC76-4AF6-8D02-3E2DEB6EE255}.Debug Singlethreaded|x64.ActiveCfg = Debug|x64
		{DDDBD07D-DC76-4AF6-8D02-3E2DEB6EE255}.Debug Singlethreaded|x64.Build.0 = Debug|x64
		{DDDBD07D-DC76-4AF6-8D02-3E2DEB6EE255}.Debug|Win32.ActiveCfg = Debug|Win32
		{DDDBD07D-DC76-4AF6-8D02-3E2DEB6EE255}.Debug|Win32.Build.0 = Debug|Win32
		{DDDBD07D-DC76-4AF6-8D02-3E2DEB6EE255}.Debug|x64.ActiveCfg = Debug|x64
		{DDDBD07D-DC76-4AF6-8D02-3E2DEB6EE255}.Debug|x64.Build.0 = Debug|x64
		{DDDBD07D-DC76-4AF6-8D02-3E2DEB6EE255}.DLL ASM Debug|Win32.ActiveCfg = Debug|Win32
		{DDDBD07D-DC76-4AF6-8D02-3E2DEB6EE255}.DLL ASM Debug|Win32.Build.0 = Debug|Win32
		{DDDBD07D-DC76-4AF6-8D02-3E2DEB6EE255}.DLL ASM Debug|x64.ActiveCfg = Debug|x64
		{DDDBD07D-DC76-4AF6-8D02-3E2DEB6EE255}.DLL ASM Debug|x64.Build.0 = Debug|x64
		{DDDBD07D-DC76-4AF6-8D02-3E2DEB6EE255}.DLL ASM Release|Win32.ActiveCfg = Release|Win32
		{DDDBD07D-DC76-4AF6-8D02-3E2DEB6EE255}.DLL ASM Release|Win32.Build.0 = Release|Win32
		{DDDBD07D-DC76-4AF6-8D02-3E2DEB6EE255}.DLL ASM Release|x64.ActiveCfg = Release|x64
		{DDDBD07D-DC76-4AF6-8D02-3E2DEB6EE255}.DLL ASM Release|x64.Build.0 = Release|x64
		{DDDBD07D-DC76-4AF6-8D02-3E2DEB6EE255}.DLL Debug|Win32.ActiveCfg = Debug|Win32
		{DDDBD07D-DC76-4AF6-8D02-3E2DEB6EE255}.DLL Debug|Win32.Build.0 = Debug|Win32
		{DDDBD07D-DC76-4AF6-8D02-3E2DEB6EE255}.DLL Debug|x64.ActiveCfg = Debug|x64
		{DDDBD07D-DC76-4AF6-8D02-3E2DEB6EE255}.DLL Debug|x64.Build.0 = Debug|x64
		{DDDBD07D-DC76-4AF6-8D02-3E2DEB6EE255}.DLL Release|Win32.ActiveCfg = Release|Win32
		{DDDBD07D-DC76-4AF6-8D02-3E2DEB6EE255}.DLL Release|Win32.Build.0 = Release|Win32
		{DDDBD07D-DC76-4AF6-8D02-3E2DEB6EE255}.DLL Release|x64.ActiveCfg = Release|x64
		{DDDBD07D-DC76-4AF6-8D02-3E2DEB6EE255}.DLL Release|x64.Build.0 = Release|x64
		{DDDBD07D-DC76-4AF6-8D02-3E2DEB6EE255}.DLL VB|Win32.ActiveCfg = Debug|x64
		{DDDBD07D-DC76-4AF6-8D02-3E2DEB6EE255}.DLL VB|x64.ActiveCfg = Debug|x64
		{DDDBD07D-DC76-4AF6-8D02-3E2DEB6EE255}.DLL VB|x64.Build.0 = Debug|x64
		{DDDBD07D-DC76-4AF6-8D02-3E2DEB6EE255}.LIB ASM Debug|Win32.ActiveCfg = Debug|Win32
		{DDDBD07D-DC76-4AF6-8D02-3E2DEB6EE255}.LIB ASM Debug|Win32.Build.0 = Debug|Win32
		{DDDBD07D-DC76-4AF6-8D02-3E2DEB6EE255}.LIB ASM Debug|x64.ActiveCfg = Debug|x64
		{DDDBD07D-DC76-4AF6-8D02-3E2DEB6EE255}.LIB ASM Debug|x64.Build.0 = Debug|x64
		{DDDBD07D-DC76-4AF6-8D02-3E2DEB6EE255}.LIB ASM Release|Win32.ActiveCfg = Release|Win32
		{DDDBD07D-DC76-4AF6-8D02-3E2DEB6EE255}.LIB ASM Release|Win32.Build.0 = Release|Win32
		{DDDBD07D-DC76-4AF6-8D02-3E2DEB6EE255}.LIB ASM Release|x64.ActiveCfg = Release|x64
		{DDDBD07D-DC76-4AF6-8D02-3E2DEB6EE255}.LIB ASM Release|x64.Build.0 = Release|x64
		{DDDBD07D-DC76-4AF6-8D02-3E2DEB6EE255}.LIB Debug|Win32.ActiveCfg = Debug|Win32
		{DDDBD07D-DC76-4AF6-8D02-3E2DEB6EE255}.LIB Debug|Win32.Build.0 = Debug|Win32
		{DDDBD07D-DC76-4AF6-8D02-3E2DEB6EE255}.LIB Debug|x64.ActiveCfg = Debug|x64
		{DDDBD07D-DC76-4AF6-8D02-3E2DEB6EE255}.LIB Debug|x64.Build.0 = Debug|x64
		{DDDBD07D-DC76-4AF6-8D02-3E2DEB6EE255}.LIB Release|Win32.ActiveCfg = Release|Win32
		{DDDBD07D-DC76-4AF6-8D02-3E2DEB6EE255}.LIB Release|Win32.Build.0 = Release|Win32
		{DDDBD07D-DC76-4AF6-8D02-3E2DEB6EE255}.LIB Release|x64.ActiveCfg = Release|x64
		{DDDBD07D-DC76-4AF6-8D02-3E2DEB6EE255}.LIB Release|x64.Build.0 = Release|x64
		{DDDBD07D-DC76-4AF6-8D02-3E2DEB6EE255}.RD|Win32.ActiveCfg = Release|x64
		{DDDBD07D-DC76-4AF6-8D02-3E2DEB6EE255}.RD|x64.ActiveCfg = Release|x64
		{DDDBD07D-DC76-4AF6-8D02-3E2DEB6EE255}.RD|x64.Build.0 = Release|x64
		{DDDBD07D-DC76-4AF6-8D02-3E2DEB6EE255}.Release Multithreaded|Win32.ActiveCfg = Release|x64
		{DDDBD07D-DC76-4AF6-8D02-3E2DEB6EE255}.Release Multithreaded|x64.ActiveCfg = Release|x64
		{DDDBD07D-DC76-4AF6-8D02-3E2DEB6EE255}.Release Multithreaded|x64.Build.0 = Release|x64
		{DDDBD07D-DC76-4AF6-8D02-3E2DEB6EE255}.Release Singlethreaded|Win32.ActiveCfg = Release|x64
		{DDDBD07D-DC76-4AF6-8D02-3E2DEB6EE255}.Release Singlethreaded|x64.ActiveCfg = Release|x64
		{DDDBD07D-DC76-4AF6-8D02-3E2DEB6EE255}.Release Singlethreaded|x64.Build.0 = Release|x64
		{DDDBD07D-DC76-4AF6-8D02-3E2DEB6EE255}.Release|Win32.ActiveCfg = Release|Win32
		{DDDBD07D-DC76-4AF6-8D02-3E2DEB6EE255}.Release|Win32.Build.0 = Release|Win32
		{DDDBD07D-DC76-4AF6-8D02-3E2DEB6EE255}.Release|x64.ActiveCfg = Release|x64
		{DDDBD07D-DC76-4AF6-8D02-3E2DEB6EE255}.Release|x64.Build.0 = Release|x64
		{DDDBD07D-DC76-4AF6-8D02-3E2DEB6EE255}.Template|Win32.ActiveCfg = Release|x64
		{DDDBD07D-DC76-4AF6-8D02-3E2DEB6EE255}.Template|x64.ActiveCfg = Release|x64
		{DDDBD07D-DC76-4AF6-8D02-3E2DEB6EE255}.Template|x64.Build.0 = Release|x64
		{78B079BD-9FC7-4B9E-B4A6-96DA0F00248B}.Debug Multithreaded|Win32.ActiveCfg = Debug Multithreaded|Win32
		{78B079BD-9FC7-4B9E-B4A6-96DA0F00248B}.Debug Multithreaded|Win32.Build.0 = Debug Multithreaded|Win32
		{78B079BD-9FC7-4B9E-B4A6-96DA0F00248B}.Debug Multithreaded|x64.ActiveCfg = Debug Multithreaded|Win32
		{78B079BD-9FC7-4B9E-B4A6-96DA0F00248B}.Debug Singlethreaded|Win32.ActiveCfg = Debug Singlethreaded|Win32
		{78B079BD-9FC7-4B9E-B4A6-96DA0F00248B}.Debug Singlethreaded|Win32.Build.0 = Debug Singlethreaded|Win32
		{78B079BD-9FC7-4B9E-B4A6-96DA0F00248B}.Debug Singlethreaded|x64.ActiveCfg = Debug Singlethreaded|Win32
		{78B079BD-9FC7-4B9E-B4A6-96DA0F00248B}.Debug|Win32.ActiveCfg = Debug|Win32
		{78B079BD-9FC7-4B9E-B4A6-96DA0F00248B}.Debug|Win32.Build.0 = Debug|Win32
		{78B079BD-9FC7-4B9E-B4A6-96DA0F00248B}.Debug|x64.ActiveCfg = Debug|Win32
		{78B079BD-9FC7-4B9E-B4A6-96DA0F00248B}.DLL ASM Debug|Win32.ActiveCfg = Debug|Win32
		{78B079BD-9FC7-4B9E-B4A6-96DA0F00248B}.DLL ASM Debug|Win32.Build.0 = Debug|Win32
		{78B079BD-9FC7-4B9E-B4A6-96DA0F00248B}.DLL ASM Debug|x64.ActiveCfg = Debug|Win32
		{78B079BD-9FC7-4B9E-B4A6-96DA0F00248B}.DLL ASM Release|Win32.ActiveCfg = Release|Win32
		{78B079BD-9FC7-4B9E-B4A6-96DA0F00248B}.DLL ASM Release|Win32.Build.0 = Release|Win32
		{78B079BD-9FC7-4B9E-B4A6-96DA0F00248B}.DLL ASM Release|x64.ActiveCfg = Release|Win32
		{78B079BD-9FC7-4B9E-B4A6-96DA0F00248B}.DLL Debug|Win32.ActiveCfg = Debug|Win32
		{78B079BD-9FC7-4B9E-B4A6-96DA0F00248B}.DLL Debug|Win32.Build.0 = Debug|Win32
		{78B079BD-9FC7-4B9E-B4A6-96DA0F00248B}.DLL Debug|x64.ActiveCfg = Debug|Win32
		{78B079BD-9FC7-4B9E-B4A6-96DA0F00248B}.DLL Release|Win32.ActiveCfg = Release|Win32
		{78B079BD-9FC7-4B9E-B4A6-96DA0F00248B}.DLL Release|Win32.Build.0 = Release|Win32
		{78B079BD-9FC7-4B9E-B4A6-96DA0F00248B}.DLL Release|x64.ActiveCfg = Release|Win32
		{78B079BD-9FC7-4B9E-B4A6-96DA0F00248B}.DLL VB|Win32.ActiveCfg = Debug|Win32
		{78B079BD-9FC7-4B9E-B4A6-96DA0F00248B}.DLL VB|Win32.Build.0 = Debug|Win32
		{78B079BD-9FC7-4B9E-B4A6-96DA0F00248B}.DLL VB|x64.ActiveCfg = Debug|Win32
		{78B079BD-9FC7-4B9E-B4A6-96DA0F00248B}.LIB ASM Debug|Win32.ActiveCfg = Debug|Win32
		{78B079BD-9FC7-4B9E-B4A6-96DA0F00248B}.LIB ASM Debug|Win32.Build.0 = Debug|Win32
		{78B079BD-9FC7-4B9E-B4A6-96DA0F00248B}.LIB ASM Debug|x64.ActiveCfg = Debug|Win32
		{78B079BD-9FC7-4B9E-B4A6-96DA0F00248B}.LIB ASM Release|Win32.ActiveCfg = Release|Win32
		{78B079BD-9FC7-4B9E-B4A6-96DA0F00248B}.LIB ASM Release|Win32.Build.0 = Release|Win32
		{78B079BD-9FC7-4B9E-B4A6-96DA0F00248B}.LIB ASM Release|x64.ActiveCfg = Release|Win32
		{78B079BD-9FC7-4B9E-B4A6-96DA0F00248B}.LIB Debug|Win32.ActiveCfg = Debug|Win32
		{78B079BD-9FC7-4B9E-B4A6-96DA0F00248B}.LIB Debug|Win32.Build.0 = Debug|Win32
		{78B079BD-9FC7-4B9E-B4A6-96DA0F00248B}.LIB Debug|x64.ActiveCfg = Debug|Win32
		{78B079BD-9FC7-4B9E-B4A6-96DA0F00248B}.LIB Release|Win32.ActiveCfg = Release|Win32
		{78B079BD-9FC7-4B9E-B4A6-96DA0F00248B}.LIB Release|Win32.Build.0 = Release|Win32
		{78B079BD-9FC7-4B9E-B4A6-96DA0F00248B}.LIB Release|x64.ActiveCfg = Release|Win32
		{78B079BD-9FC7-4B9E-B4A6-96DA0F00248B}.RD|Win32.ActiveCfg = Release|Win32
		{78B079BD-9FC7-4B9E-B4A6-96DA0F00248B}.RD|Win32.Build.0 = Release|Win32
		{78B079BD-9FC7-4B9E-B4A6-96DA0F00248B}.RD|x64.ActiveCfg = Release|Win32
		{78B079BD-9FC7-4B9E-B4A6-96DA0F00248B}.Release Multithreaded|Win32.ActiveCfg = Release Multithreaded|Win32
		{78B079BD-9FC7-4B9E-B4A6-96DA0F00248B}.Release Multithreaded|Win32.Build.0 = Release Multithreaded|Win32
		{78B079BD-9FC7-4B9E-B4A6-96DA0F00248B}.Release Multithreaded|x64.ActiveCfg = Release Multithreaded|Win32
		{78B079BD-9FC7-4B9E-B4A6-96DA0F00248B}.Release Singlethreaded|Win32.ActiveCfg = Release Singlethreaded|Win32
		{78B079BD-9FC7-4B9E-B4A6-96DA0F00248B}.Release Singlethreaded|Win32.Build.0 = Release Singlethreaded|Win32
		{78B079BD-9FC7-4B9E-B4A6-96DA0F00248B}.Release Singlethreaded|x64.ActiveCfg = Release Singlethreaded|Win32
		{78B079BD-9FC7-4B9E-B4A6-96DA0F00248B}.Release|Win32.ActiveCfg = Release|Win32
		{78B079BD-9FC7-4B9E-B4A6-96DA0F00248B}.Release|Win32.Build.0 = Release|Win32
		{78B079BD-9FC7-4B9E-B4A6-96DA0F00248B}.Release|x64.ActiveCfg = Release|Win32
		{78B079BD-9FC7-4B9E-B4A6-96DA0F00248B}.Template|Win32.ActiveCfg = Release|Win32
		{78B079BD-9FC7-4B9E-B4A6-96DA0F00248B}.Template|Win32.Build.0 = Release|Win32
		{78B079BD-9FC7-4B9E-B4A6-96DA0F00248B}.Template|x64.ActiveCfg = Release|Win32
	EndGlobalSection
	GlobalSection(SolutionProperties) = preSolution
		HideSolutionNode = FALSE
	EndGlobalSection
EndGlobal
